// !$*UTF8*$!
{
	archiveVersion = 1;
	classes = {
	};
	objectVersion = 56;
	objects = {

/* Begin PBXBuildFile section */
		470D58A8299FDF800034293D /* ChatMessageManager.swift in Sources */ = {isa = PBXBuildFile; fileRef = 470D58A7299FDF800034293D /* ChatMessageManager.swift */; };
		470D58AA299FE3360034293D /* ChatMainViewController.swift in Sources */ = {isa = PBXBuildFile; fileRef = 470D58A9299FE3360034293D /* ChatMainViewController.swift */; };
		470D58AC29A01FD80034293D /* ChatMessageViewController.swift in Sources */ = {isa = PBXBuildFile; fileRef = 470D58AB29A01FD80034293D /* ChatMessageViewController.swift */; };
		471302E529960E81006D23B1 /* SegmentedButtonsView.swift in Sources */ = {isa = PBXBuildFile; fileRef = 471302E429960E81006D23B1 /* SegmentedButtonsView.swift */; };
		471900C82979BF6900B2DD8C /* EventInfoCollectionViewCell.swift in Sources */ = {isa = PBXBuildFile; fileRef = 471900C72979BF6900B2DD8C /* EventInfoCollectionViewCell.swift */; };
		471D217C2976AA4000C8E8C6 /* DatePickerTableViewCell.swift in Sources */ = {isa = PBXBuildFile; fileRef = 471D217B2976AA4000C8E8C6 /* DatePickerTableViewCell.swift */; };
		4728D87529A1830400E2F431 /* MessageObject.swift in Sources */ = {isa = PBXBuildFile; fileRef = 4728D87429A1830400E2F431 /* MessageObject.swift */; };
		472997072985AC4400543FF6 /* DefaultsManager.swift in Sources */ = {isa = PBXBuildFile; fileRef = 472997062985AC4400543FF6 /* DefaultsManager.swift */; };
		473B8E8D29989C6000992C15 /* Constant.swift in Sources */ = {isa = PBXBuildFile; fileRef = 473B8E8C29989C6000992C15 /* Constant.swift */; };
		474065B02980D67B00504422 /* NewCategoryViewController.swift in Sources */ = {isa = PBXBuildFile; fileRef = 474065AF2980D67B00504422 /* NewCategoryViewController.swift */; };
		474065B22980DF9D00504422 /* PhotoLabelCollectionViewCell.swift in Sources */ = {isa = PBXBuildFile; fileRef = 474065B12980DF9D00504422 /* PhotoLabelCollectionViewCell.swift */; };
		4748FEAC299AA75C000E408E /* AIAssistantViewController.swift in Sources */ = {isa = PBXBuildFile; fileRef = 4748FEAB299AA75C000E408E /* AIAssistantViewController.swift */; };
		474A2F6429A1D3FD00ADE1B6 /* ChatConversationTableViewCell.swift in Sources */ = {isa = PBXBuildFile; fileRef = 474A2F6329A1D3FD00ADE1B6 /* ChatConversationTableViewCell.swift */; };
		474A2F6629A1E46100ADE1B6 /* RealmManager.swift in Sources */ = {isa = PBXBuildFile; fileRef = 474A2F6529A1E46100ADE1B6 /* RealmManager.swift */; };
		47595191296DF24300C40741 /* AppDelegate.swift in Sources */ = {isa = PBXBuildFile; fileRef = 47595190296DF24300C40741 /* AppDelegate.swift */; };
		47595193296DF24300C40741 /* SceneDelegate.swift in Sources */ = {isa = PBXBuildFile; fileRef = 47595192296DF24300C40741 /* SceneDelegate.swift */; };
		47595195296DF24300C40741 /* WelcomeViewController.swift in Sources */ = {isa = PBXBuildFile; fileRef = 47595194296DF24300C40741 /* WelcomeViewController.swift */; };
		47595198296DF24300C40741 /* Main.storyboard in Resources */ = {isa = PBXBuildFile; fileRef = 47595196296DF24300C40741 /* Main.storyboard */; };
		4759519A296DF24400C40741 /* Assets.xcassets in Resources */ = {isa = PBXBuildFile; fileRef = 47595199296DF24400C40741 /* Assets.xcassets */; };
		4759519D296DF24400C40741 /* LaunchScreen.storyboard in Resources */ = {isa = PBXBuildFile; fileRef = 4759519B296DF24400C40741 /* LaunchScreen.storyboard */; };
		475B8C68299368DA0078174C /* UserProfileViewController.swift in Sources */ = {isa = PBXBuildFile; fileRef = 475B8C67299368DA0078174C /* UserProfileViewController.swift */; };
		4762966E29742416001BF5B7 /* LoginView.swift in Sources */ = {isa = PBXBuildFile; fileRef = 4762966D29742416001BF5B7 /* LoginView.swift */; };
		47629670297424FE001BF5B7 /* RegisterViewController.swift in Sources */ = {isa = PBXBuildFile; fileRef = 4762966F297424FE001BF5B7 /* RegisterViewController.swift */; };
		4763D9D7298183BB0062C12C /* EditProfileViewController.swift in Sources */ = {isa = PBXBuildFile; fileRef = 4763D9D6298183BB0062C12C /* EditProfileViewController.swift */; };
		4763D9D929819E550062C12C /* ValueTableViewCell.swift in Sources */ = {isa = PBXBuildFile; fileRef = 4763D9D829819E550062C12C /* ValueTableViewCell.swift */; };
		4763D9DB2981CA950062C12C /* ProfileHeaderView.swift in Sources */ = {isa = PBXBuildFile; fileRef = 4763D9DA2981CA950062C12C /* ProfileHeaderView.swift */; };
		4763D9DD2981E1480062C12C /* SectionHeaderView.swift in Sources */ = {isa = PBXBuildFile; fileRef = 4763D9DC2981E1480062C12C /* SectionHeaderView.swift */; };
		47685DFA298B445B00B50DEC /* HeadcountTableViewCell.swift in Sources */ = {isa = PBXBuildFile; fileRef = 47685DF9298B445B00B50DEC /* HeadcountTableViewCell.swift */; };
		47710616298C4B07004BC473 /* ParticipantsTableViewCell.swift in Sources */ = {isa = PBXBuildFile; fileRef = 47710615298C4B07004BC473 /* ParticipantsTableViewCell.swift */; };
		477C615B2990088500CDB241 /* TitleWithImageTableViewCell.swift in Sources */ = {isa = PBXBuildFile; fileRef = 477C615A2990088500CDB241 /* TitleWithImageTableViewCell.swift */; };
		477FC1A5297099FD00D7C45A /* TransitionManager.swift in Sources */ = {isa = PBXBuildFile; fileRef = 477FC1A4297099FD00D7C45A /* TransitionManager.swift */; };
		477FC1A72970C21B00D7C45A /* EventInfoCard.swift in Sources */ = {isa = PBXBuildFile; fileRef = 477FC1A62970C21B00D7C45A /* EventInfoCard.swift */; };
		477FC1AB2970C51F00D7C45A /* InfoCardViewModel.swift in Sources */ = {isa = PBXBuildFile; fileRef = 477FC1AA2970C51F00D7C45A /* InfoCardViewModel.swift */; };
		477FE39C297255830074B7AA /* GATextField.swift in Sources */ = {isa = PBXBuildFile; fileRef = 477FE39B297255830074B7AA /* GATextField.swift */; };
		47835AAC299C9D6500E3764C /* GoogleService-Info.plist in Resources */ = {isa = PBXBuildFile; fileRef = 47835AAB299C9D6400E3764C /* GoogleService-Info.plist */; };
		478B0C322971C36F000CECAB /* EventExtraInfoCard.swift in Sources */ = {isa = PBXBuildFile; fileRef = 478B0C312971C36F000CECAB /* EventExtraInfoCard.swift */; };
		478B0C342971C4C2000CECAB /* EventExtraInfoCardViewModel.swift in Sources */ = {isa = PBXBuildFile; fileRef = 478B0C332971C4C2000CECAB /* EventExtraInfoCardViewModel.swift */; };
		478EE83D2996C447001BA53E /* FavouritedTableCollectionViewCell.swift in Sources */ = {isa = PBXBuildFile; fileRef = 478EE83C2996C447001BA53E /* FavouritedTableCollectionViewCell.swift */; };
		478EE83F2996E610001BA53E /* SearchResult.swift in Sources */ = {isa = PBXBuildFile; fileRef = 478EE83E2996E610001BA53E /* SearchResult.swift */; };
		4796DC10299574E7005802E2 /* FilterButtonCollectionViewCell.swift in Sources */ = {isa = PBXBuildFile; fileRef = 4796DC0F299574E7005802E2 /* FilterButtonCollectionViewCell.swift */; };
		4796DC122995A66F005802E2 /* GeneralSearchResultViewController.swift in Sources */ = {isa = PBXBuildFile; fileRef = 4796DC112995A66F005802E2 /* GeneralSearchResultViewController.swift */; };
		479C3B8D29A12501000D55BA /* ChatMessageTableViewCell.swift in Sources */ = {isa = PBXBuildFile; fileRef = 479C3B8C29A12501000D55BA /* ChatMessageTableViewCell.swift */; };
		479C3B9029A1561D000D55BA /* UserObject+Extensions.swift in Sources */ = {isa = PBXBuildFile; fileRef = 479C3B8F29A1561D000D55BA /* UserObject+Extensions.swift */; };
		479C3B9229A1568E000D55BA /* ConversationObject.swift in Sources */ = {isa = PBXBuildFile; fileRef = 479C3B9129A1568E000D55BA /* ConversationObject.swift */; };
		47A35966297AF4BE007E7C2D /* EventOwnerCollectionViewCell.swift in Sources */ = {isa = PBXBuildFile; fileRef = 47A35965297AF4BE007E7C2D /* EventOwnerCollectionViewCell.swift */; };
		47AD2E0F298F78C200D42E45 /* PreviewViewModel.swift in Sources */ = {isa = PBXBuildFile; fileRef = 47AD2E0E298F78C200D42E45 /* PreviewViewModel.swift */; };
		47BC0576297491F700242E45 /* TextFieldTableViewCell.swift in Sources */ = {isa = PBXBuildFile; fileRef = 47BC0575297491F700242E45 /* TextFieldTableViewCell.swift */; };
		47BC0578297491FF00242E45 /* TextViewTableViewCell.swift in Sources */ = {isa = PBXBuildFile; fileRef = 47BC0577297491FF00242E45 /* TextViewTableViewCell.swift */; };
		47BE57842972134B00EDA791 /* DatabaseManager.swift in Sources */ = {isa = PBXBuildFile; fileRef = 47BE57832972134B00EDA791 /* DatabaseManager.swift */; };
		47BE57862972135100EDA791 /* StorageManager.swift in Sources */ = {isa = PBXBuildFile; fileRef = 47BE57852972135100EDA791 /* StorageManager.swift */; };
		47BE57882972135500EDA791 /* AuthManager.swift in Sources */ = {isa = PBXBuildFile; fileRef = 47BE57872972135500EDA791 /* AuthManager.swift */; };
		47C939CC299C1045002917CE /* CustomNotificationManager.swift in Sources */ = {isa = PBXBuildFile; fileRef = 47C939CB299C1045002917CE /* CustomNotificationManager.swift */; };
		47CC052F299038EC00E97C1F /* EmojiEventCollectionViewCell.swift in Sources */ = {isa = PBXBuildFile; fileRef = 47CC052E299038EC00E97C1F /* EmojiEventCollectionViewCell.swift */; };
		47D33ACC298336E800D9A205 /* EnrollViewController.swift in Sources */ = {isa = PBXBuildFile; fileRef = 47D33ACB298336E800D9A205 /* EnrollViewController.swift */; };
		47D3DAD8298DB43300F9A3F3 /* PreviewViewController.swift in Sources */ = {isa = PBXBuildFile; fileRef = 47D3DAD7298DB43300F9A3F3 /* PreviewViewController.swift */; };
		47D44EF8298831A600DEB3B4 /* GenderSelectionView.swift in Sources */ = {isa = PBXBuildFile; fileRef = 47D44EF7298831A600DEB3B4 /* GenderSelectionView.swift */; };
		47D44EFA298851C500DEB3B4 /* Participant.swift in Sources */ = {isa = PBXBuildFile; fileRef = 47D44EF9298851C500DEB3B4 /* Participant.swift */; };
		47D44EFC298882A900DEB3B4 /* UserTableViewCell.swift in Sources */ = {isa = PBXBuildFile; fileRef = 47D44EFB298882A900DEB3B4 /* UserTableViewCell.swift */; };
		47D44EFE298896E500DEB3B4 /* FormEventViewController.swift in Sources */ = {isa = PBXBuildFile; fileRef = 47D44EFD298896E500DEB3B4 /* FormEventViewController.swift */; };
		47D44F002988B63D00DEB3B4 /* TextLabelTableViewCell.swift in Sources */ = {isa = PBXBuildFile; fileRef = 47D44EFF2988B63D00DEB3B4 /* TextLabelTableViewCell.swift */; };
		47DC14BE297869C30006D4F4 /* EventMainViewModel.swift in Sources */ = {isa = PBXBuildFile; fileRef = 47DC14BD297869C30006D4F4 /* EventMainViewModel.swift */; };
		47DC14C02978A6490006D4F4 /* EventViewController.swift in Sources */ = {isa = PBXBuildFile; fileRef = 47DC14BF2978A6490006D4F4 /* EventViewController.swift */; };
		47DC14C22978AE510006D4F4 /* EventHeaderView.swift in Sources */ = {isa = PBXBuildFile; fileRef = 47DC14C12978AE510006D4F4 /* EventHeaderView.swift */; };
		47DC14C42978B5470006D4F4 /* StretchyHeaderLayout.swift in Sources */ = {isa = PBXBuildFile; fileRef = 47DC14C32978B5470006D4F4 /* StretchyHeaderLayout.swift */; };
		47E7DD78298A124B000C1FFC /* LocationSearchViewController.swift in Sources */ = {isa = PBXBuildFile; fileRef = 47E7DD77298A124B000C1FFC /* LocationSearchViewController.swift */; };
		47E7DD7A298A23BE000C1FFC /* Location.swift in Sources */ = {isa = PBXBuildFile; fileRef = 47E7DD79298A23BE000C1FFC /* Location.swift */; };
		47E7DD7C298A288B000C1FFC /* LocationSearchResultTableVC.swift in Sources */ = {isa = PBXBuildFile; fileRef = 47E7DD7B298A288B000C1FFC /* LocationSearchResultTableVC.swift */; };
		47F0CCFB2975B2A1003B22EB /* PhotoGridTableViewCell.swift in Sources */ = {isa = PBXBuildFile; fileRef = 47F0CCFA2975B2A1003B22EB /* PhotoGridTableViewCell.swift */; };
		47F0CCFF2975BA60003B22EB /* PhotoCollectionViewCell.swift in Sources */ = {isa = PBXBuildFile; fileRef = 47F0CCFE2975BA60003B22EB /* PhotoCollectionViewCell.swift */; };
		47F0CD012975DDAB003B22EB /* GAButton.swift in Sources */ = {isa = PBXBuildFile; fileRef = 47F0CD002975DDAB003B22EB /* GAButton.swift */; };
		47F0CD0329760AC4003B22EB /* IdManager.swift in Sources */ = {isa = PBXBuildFile; fileRef = 47F0CD0229760AC4003B22EB /* IdManager.swift */; };
		47F1204A29872FD800C5CAF6 /* ParticipantsViewController.swift in Sources */ = {isa = PBXBuildFile; fileRef = 47F1204929872FD800C5CAF6 /* ParticipantsViewController.swift */; };
		47F1204C2987737700C5CAF6 /* ParticipantsViewHeaderView.swift in Sources */ = {isa = PBXBuildFile; fileRef = 47F1204B2987737700C5CAF6 /* ParticipantsViewHeaderView.swift */; };
		47F38E31299423FB00F3ADF0 /* ProfileHeaderCollectionReusableView.swift in Sources */ = {isa = PBXBuildFile; fileRef = 47F38E30299423FB00F3ADF0 /* ProfileHeaderCollectionReusableView.swift */; };
		47F912002991F59600DD5597 /* HomeSectionHeaderReusableView.swift in Sources */ = {isa = PBXBuildFile; fileRef = 47F911FF2991F59500DD5597 /* HomeSectionHeaderReusableView.swift */; };
		47FC52AA2999686900B0C25D /* PolicyViewController.swift in Sources */ = {isa = PBXBuildFile; fileRef = 47FC52A92999686900B0C25D /* PolicyViewController.swift */; };
		47FC52AC29996B5900B0C25D /* Policy.swift in Sources */ = {isa = PBXBuildFile; fileRef = 47FC52AB29996B5900B0C25D /* Policy.swift */; };
		47FD6EDF296F2B12001AF255 /* HomeViewController.swift in Sources */ = {isa = PBXBuildFile; fileRef = 47FD6EDE296F2B12001AF255 /* HomeViewController.swift */; };
		47FD6EE2296F2C23001AF255 /* TabBarViewController.swift in Sources */ = {isa = PBXBuildFile; fileRef = 47FD6EE1296F2C23001AF255 /* TabBarViewController.swift */; };
		47FD6EE4296F2C5C001AF255 /* ExploreViewController.swift in Sources */ = {isa = PBXBuildFile; fileRef = 47FD6EE3296F2C5C001AF255 /* ExploreViewController.swift */; };
		47FD6EE6296F2EC7001AF255 /* ProfileViewController.swift in Sources */ = {isa = PBXBuildFile; fileRef = 47FD6EE5296F2EC7001AF255 /* ProfileViewController.swift */; };
		47FD6EED296F2FD0001AF255 /* FavouritedViewController.swift in Sources */ = {isa = PBXBuildFile; fileRef = 47FD6EEC296F2FD0001AF255 /* FavouritedViewController.swift */; };
		47FD6EEF296F2FEA001AF255 /* NewEventViewController.swift in Sources */ = {isa = PBXBuildFile; fileRef = 47FD6EEE296F2FEA001AF255 /* NewEventViewController.swift */; };
		47FD6EF1296F2FF6001AF255 /* User.swift in Sources */ = {isa = PBXBuildFile; fileRef = 47FD6EF0296F2FF6001AF255 /* User.swift */; };
		47FD6EF3296F34F5001AF255 /* Extension.swift in Sources */ = {isa = PBXBuildFile; fileRef = 47FD6EF2296F34F5001AF255 /* Extension.swift */; };
		47FD6EF5296F36F8001AF255 /* Event.swift in Sources */ = {isa = PBXBuildFile; fileRef = 47FD6EF4296F36F8001AF255 /* Event.swift */; };
		47FD6EF9296F4F04001AF255 /* SmallEventCollectionViewCell.swift in Sources */ = {isa = PBXBuildFile; fileRef = 47FD6EF8296F4F04001AF255 /* SmallEventCollectionViewCell.swift */; };
		47FD6EFB296F4F4E001AF255 /* EventCollectionViewCellViewModel.swift in Sources */ = {isa = PBXBuildFile; fileRef = 47FD6EFA296F4F4E001AF255 /* EventCollectionViewCellViewModel.swift */; };
		47FD6EFE296F5637001AF255 /* MockData.swift in Sources */ = {isa = PBXBuildFile; fileRef = 47FD6EFD296F5637001AF255 /* MockData.swift */; };
		47FD6F00296F60B9001AF255 /* LargeEventCollectionViewCell.swift in Sources */ = {isa = PBXBuildFile; fileRef = 47FD6EFF296F60B9001AF255 /* LargeEventCollectionViewCell.swift */; };
		47FD6F02296F623A001AF255 /* BasicEventCollectionViewCell.swift in Sources */ = {isa = PBXBuildFile; fileRef = 47FD6F01296F623A001AF255 /* BasicEventCollectionViewCell.swift */; };
		47FD6F04296F7951001AF255 /* EventMainViewController.swift in Sources */ = {isa = PBXBuildFile; fileRef = 47FD6F03296F7951001AF255 /* EventMainViewController.swift */; };
		5FA902B432AF9E83F65A2B8A /* Pods_Gather_Pool.framework in Frameworks */ = {isa = PBXBuildFile; fileRef = 917997C00825EDCFE7288BE1 /* Pods_Gather_Pool.framework */; };
/* End PBXBuildFile section */

/* Begin PBXFileReference section */
		470D58A7299FDF800034293D /* ChatMessageManager.swift */ = {isa = PBXFileReference; lastKnownFileType = sourcecode.swift; path = ChatMessageManager.swift; sourceTree = "<group>"; };
		470D58A9299FE3360034293D /* ChatMainViewController.swift */ = {isa = PBXFileReference; lastKnownFileType = sourcecode.swift; path = ChatMainViewController.swift; sourceTree = "<group>"; };
		470D58AB29A01FD80034293D /* ChatMessageViewController.swift */ = {isa = PBXFileReference; lastKnownFileType = sourcecode.swift; path = ChatMessageViewController.swift; sourceTree = "<group>"; };
		471302E429960E81006D23B1 /* SegmentedButtonsView.swift */ = {isa = PBXFileReference; lastKnownFileType = sourcecode.swift; path = SegmentedButtonsView.swift; sourceTree = "<group>"; };
		471900C72979BF6900B2DD8C /* EventInfoCollectionViewCell.swift */ = {isa = PBXFileReference; lastKnownFileType = sourcecode.swift; path = EventInfoCollectionViewCell.swift; sourceTree = "<group>"; };
		471D217B2976AA4000C8E8C6 /* DatePickerTableViewCell.swift */ = {isa = PBXFileReference; lastKnownFileType = sourcecode.swift; path = DatePickerTableViewCell.swift; sourceTree = "<group>"; };
		4728D87429A1830400E2F431 /* MessageObject.swift */ = {isa = PBXFileReference; lastKnownFileType = sourcecode.swift; path = MessageObject.swift; sourceTree = "<group>"; };
		472997062985AC4400543FF6 /* DefaultsManager.swift */ = {isa = PBXFileReference; lastKnownFileType = sourcecode.swift; path = DefaultsManager.swift; sourceTree = "<group>"; };
		473B8E8C29989C6000992C15 /* Constant.swift */ = {isa = PBXFileReference; lastKnownFileType = sourcecode.swift; path = Constant.swift; sourceTree = "<group>"; };
		474065AF2980D67B00504422 /* NewCategoryViewController.swift */ = {isa = PBXFileReference; lastKnownFileType = sourcecode.swift; path = NewCategoryViewController.swift; sourceTree = "<group>"; };
		474065B12980DF9D00504422 /* PhotoLabelCollectionViewCell.swift */ = {isa = PBXFileReference; lastKnownFileType = sourcecode.swift; path = PhotoLabelCollectionViewCell.swift; sourceTree = "<group>"; };
		4748FEAB299AA75C000E408E /* AIAssistantViewController.swift */ = {isa = PBXFileReference; lastKnownFileType = sourcecode.swift; path = AIAssistantViewController.swift; sourceTree = "<group>"; };
		474A2F6329A1D3FD00ADE1B6 /* ChatConversationTableViewCell.swift */ = {isa = PBXFileReference; lastKnownFileType = sourcecode.swift; path = ChatConversationTableViewCell.swift; sourceTree = "<group>"; };
		474A2F6529A1E46100ADE1B6 /* RealmManager.swift */ = {isa = PBXFileReference; lastKnownFileType = sourcecode.swift; path = RealmManager.swift; sourceTree = "<group>"; };
		4759518D296DF24300C40741 /* Gather Pool.app */ = {isa = PBXFileReference; explicitFileType = wrapper.application; includeInIndex = 0; path = "Gather Pool.app"; sourceTree = BUILT_PRODUCTS_DIR; };
		47595190296DF24300C40741 /* AppDelegate.swift */ = {isa = PBXFileReference; lastKnownFileType = sourcecode.swift; path = AppDelegate.swift; sourceTree = "<group>"; };
		47595192296DF24300C40741 /* SceneDelegate.swift */ = {isa = PBXFileReference; lastKnownFileType = sourcecode.swift; path = SceneDelegate.swift; sourceTree = "<group>"; };
		47595194296DF24300C40741 /* WelcomeViewController.swift */ = {isa = PBXFileReference; lastKnownFileType = sourcecode.swift; path = WelcomeViewController.swift; sourceTree = "<group>"; };
		47595197296DF24300C40741 /* Base */ = {isa = PBXFileReference; lastKnownFileType = file.storyboard; name = Base; path = Base.lproj/Main.storyboard; sourceTree = "<group>"; };
		47595199296DF24400C40741 /* Assets.xcassets */ = {isa = PBXFileReference; lastKnownFileType = folder.assetcatalog; path = Assets.xcassets; sourceTree = "<group>"; };
		4759519C296DF24400C40741 /* Base */ = {isa = PBXFileReference; lastKnownFileType = file.storyboard; name = Base; path = Base.lproj/LaunchScreen.storyboard; sourceTree = "<group>"; };
		4759519E296DF24400C40741 /* Info.plist */ = {isa = PBXFileReference; lastKnownFileType = text.plist.xml; path = Info.plist; sourceTree = "<group>"; };
		475B8C67299368DA0078174C /* UserProfileViewController.swift */ = {isa = PBXFileReference; lastKnownFileType = sourcecode.swift; path = UserProfileViewController.swift; sourceTree = "<group>"; };
		4762966D29742416001BF5B7 /* LoginView.swift */ = {isa = PBXFileReference; lastKnownFileType = sourcecode.swift; path = LoginView.swift; sourceTree = "<group>"; };
		4762966F297424FE001BF5B7 /* RegisterViewController.swift */ = {isa = PBXFileReference; lastKnownFileType = sourcecode.swift; path = RegisterViewController.swift; sourceTree = "<group>"; };
		4763D9D6298183BB0062C12C /* EditProfileViewController.swift */ = {isa = PBXFileReference; lastKnownFileType = sourcecode.swift; path = EditProfileViewController.swift; sourceTree = "<group>"; };
		4763D9D829819E550062C12C /* ValueTableViewCell.swift */ = {isa = PBXFileReference; lastKnownFileType = sourcecode.swift; path = ValueTableViewCell.swift; sourceTree = "<group>"; };
		4763D9DA2981CA950062C12C /* ProfileHeaderView.swift */ = {isa = PBXFileReference; lastKnownFileType = sourcecode.swift; path = ProfileHeaderView.swift; sourceTree = "<group>"; };
		4763D9DC2981E1480062C12C /* SectionHeaderView.swift */ = {isa = PBXFileReference; lastKnownFileType = sourcecode.swift; path = SectionHeaderView.swift; sourceTree = "<group>"; };
		47685DF9298B445B00B50DEC /* HeadcountTableViewCell.swift */ = {isa = PBXFileReference; lastKnownFileType = sourcecode.swift; path = HeadcountTableViewCell.swift; sourceTree = "<group>"; };
		47710615298C4B07004BC473 /* ParticipantsTableViewCell.swift */ = {isa = PBXFileReference; lastKnownFileType = sourcecode.swift; path = ParticipantsTableViewCell.swift; sourceTree = "<group>"; };
		4771E0BE299B3F3F0084C0B3 /* Gather Pool.entitlements */ = {isa = PBXFileReference; lastKnownFileType = text.plist.entitlements; path = "Gather Pool.entitlements"; sourceTree = "<group>"; };
		477C615A2990088500CDB241 /* TitleWithImageTableViewCell.swift */ = {isa = PBXFileReference; lastKnownFileType = sourcecode.swift; path = TitleWithImageTableViewCell.swift; sourceTree = "<group>"; };
		477FC1A4297099FD00D7C45A /* TransitionManager.swift */ = {isa = PBXFileReference; lastKnownFileType = sourcecode.swift; path = TransitionManager.swift; sourceTree = "<group>"; };
		477FC1A62970C21B00D7C45A /* EventInfoCard.swift */ = {isa = PBXFileReference; lastKnownFileType = sourcecode.swift; path = EventInfoCard.swift; sourceTree = "<group>"; };
		477FC1AA2970C51F00D7C45A /* InfoCardViewModel.swift */ = {isa = PBXFileReference; lastKnownFileType = sourcecode.swift; path = InfoCardViewModel.swift; sourceTree = "<group>"; };
		477FE39B297255830074B7AA /* GATextField.swift */ = {isa = PBXFileReference; lastKnownFileType = sourcecode.swift; path = GATextField.swift; sourceTree = "<group>"; };
		47835AAB299C9D6400E3764C /* GoogleService-Info.plist */ = {isa = PBXFileReference; fileEncoding = 4; lastKnownFileType = text.plist.xml; path = "GoogleService-Info.plist"; sourceTree = "<group>"; };
		478B0C312971C36F000CECAB /* EventExtraInfoCard.swift */ = {isa = PBXFileReference; lastKnownFileType = sourcecode.swift; path = EventExtraInfoCard.swift; sourceTree = "<group>"; };
		478B0C332971C4C2000CECAB /* EventExtraInfoCardViewModel.swift */ = {isa = PBXFileReference; lastKnownFileType = sourcecode.swift; path = EventExtraInfoCardViewModel.swift; sourceTree = "<group>"; };
		478EE83C2996C447001BA53E /* FavouritedTableCollectionViewCell.swift */ = {isa = PBXFileReference; lastKnownFileType = sourcecode.swift; path = FavouritedTableCollectionViewCell.swift; sourceTree = "<group>"; };
		478EE83E2996E610001BA53E /* SearchResult.swift */ = {isa = PBXFileReference; lastKnownFileType = sourcecode.swift; path = SearchResult.swift; sourceTree = "<group>"; };
		4796DC0F299574E7005802E2 /* FilterButtonCollectionViewCell.swift */ = {isa = PBXFileReference; lastKnownFileType = sourcecode.swift; path = FilterButtonCollectionViewCell.swift; sourceTree = "<group>"; };
		4796DC112995A66F005802E2 /* GeneralSearchResultViewController.swift */ = {isa = PBXFileReference; lastKnownFileType = sourcecode.swift; path = GeneralSearchResultViewController.swift; sourceTree = "<group>"; };
		479C3B8C29A12501000D55BA /* ChatMessageTableViewCell.swift */ = {isa = PBXFileReference; lastKnownFileType = sourcecode.swift; path = ChatMessageTableViewCell.swift; sourceTree = "<group>"; };
		479C3B8F29A1561D000D55BA /* UserObject+Extensions.swift */ = {isa = PBXFileReference; lastKnownFileType = sourcecode.swift; path = "UserObject+Extensions.swift"; sourceTree = "<group>"; };
		479C3B9129A1568E000D55BA /* ConversationObject.swift */ = {isa = PBXFileReference; lastKnownFileType = sourcecode.swift; path = ConversationObject.swift; sourceTree = "<group>"; };
		47A35965297AF4BE007E7C2D /* EventOwnerCollectionViewCell.swift */ = {isa = PBXFileReference; lastKnownFileType = sourcecode.swift; path = EventOwnerCollectionViewCell.swift; sourceTree = "<group>"; };
		47AD2E0E298F78C200D42E45 /* PreviewViewModel.swift */ = {isa = PBXFileReference; lastKnownFileType = sourcecode.swift; path = PreviewViewModel.swift; sourceTree = "<group>"; };
		47BC0575297491F700242E45 /* TextFieldTableViewCell.swift */ = {isa = PBXFileReference; lastKnownFileType = sourcecode.swift; path = TextFieldTableViewCell.swift; sourceTree = "<group>"; };
		47BC0577297491FF00242E45 /* TextViewTableViewCell.swift */ = {isa = PBXFileReference; lastKnownFileType = sourcecode.swift; path = TextViewTableViewCell.swift; sourceTree = "<group>"; };
		47BE57832972134B00EDA791 /* DatabaseManager.swift */ = {isa = PBXFileReference; lastKnownFileType = sourcecode.swift; path = DatabaseManager.swift; sourceTree = "<group>"; };
		47BE57852972135100EDA791 /* StorageManager.swift */ = {isa = PBXFileReference; lastKnownFileType = sourcecode.swift; path = StorageManager.swift; sourceTree = "<group>"; };
		47BE57872972135500EDA791 /* AuthManager.swift */ = {isa = PBXFileReference; lastKnownFileType = sourcecode.swift; path = AuthManager.swift; sourceTree = "<group>"; };
		47C939CB299C1045002917CE /* CustomNotificationManager.swift */ = {isa = PBXFileReference; lastKnownFileType = sourcecode.swift; path = CustomNotificationManager.swift; sourceTree = "<group>"; };
		47CC052E299038EC00E97C1F /* EmojiEventCollectionViewCell.swift */ = {isa = PBXFileReference; lastKnownFileType = sourcecode.swift; path = EmojiEventCollectionViewCell.swift; sourceTree = "<group>"; };
		47D33ACB298336E800D9A205 /* EnrollViewController.swift */ = {isa = PBXFileReference; lastKnownFileType = sourcecode.swift; path = EnrollViewController.swift; sourceTree = "<group>"; };
		47D3DAD7298DB43300F9A3F3 /* PreviewViewController.swift */ = {isa = PBXFileReference; lastKnownFileType = sourcecode.swift; path = PreviewViewController.swift; sourceTree = "<group>"; };
		47D44EF7298831A600DEB3B4 /* GenderSelectionView.swift */ = {isa = PBXFileReference; lastKnownFileType = sourcecode.swift; path = GenderSelectionView.swift; sourceTree = "<group>"; };
		47D44EF9298851C500DEB3B4 /* Participant.swift */ = {isa = PBXFileReference; lastKnownFileType = sourcecode.swift; path = Participant.swift; sourceTree = "<group>"; };
		47D44EFB298882A900DEB3B4 /* UserTableViewCell.swift */ = {isa = PBXFileReference; lastKnownFileType = sourcecode.swift; path = UserTableViewCell.swift; sourceTree = "<group>"; };
		47D44EFD298896E500DEB3B4 /* FormEventViewController.swift */ = {isa = PBXFileReference; lastKnownFileType = sourcecode.swift; path = FormEventViewController.swift; sourceTree = "<group>"; };
		47D44EFF2988B63D00DEB3B4 /* TextLabelTableViewCell.swift */ = {isa = PBXFileReference; lastKnownFileType = sourcecode.swift; path = TextLabelTableViewCell.swift; sourceTree = "<group>"; };
		47DC14BD297869C30006D4F4 /* EventMainViewModel.swift */ = {isa = PBXFileReference; lastKnownFileType = sourcecode.swift; path = EventMainViewModel.swift; sourceTree = "<group>"; };
		47DC14BF2978A6490006D4F4 /* EventViewController.swift */ = {isa = PBXFileReference; lastKnownFileType = sourcecode.swift; path = EventViewController.swift; sourceTree = "<group>"; };
		47DC14C12978AE510006D4F4 /* EventHeaderView.swift */ = {isa = PBXFileReference; lastKnownFileType = sourcecode.swift; path = EventHeaderView.swift; sourceTree = "<group>"; };
		47DC14C32978B5470006D4F4 /* StretchyHeaderLayout.swift */ = {isa = PBXFileReference; lastKnownFileType = sourcecode.swift; path = StretchyHeaderLayout.swift; sourceTree = "<group>"; };
		47E7DD77298A124B000C1FFC /* LocationSearchViewController.swift */ = {isa = PBXFileReference; lastKnownFileType = sourcecode.swift; path = LocationSearchViewController.swift; sourceTree = "<group>"; };
		47E7DD79298A23BE000C1FFC /* Location.swift */ = {isa = PBXFileReference; lastKnownFileType = sourcecode.swift; path = Location.swift; sourceTree = "<group>"; };
		47E7DD7B298A288B000C1FFC /* LocationSearchResultTableVC.swift */ = {isa = PBXFileReference; lastKnownFileType = sourcecode.swift; path = LocationSearchResultTableVC.swift; sourceTree = "<group>"; };
		47F0CCFA2975B2A1003B22EB /* PhotoGridTableViewCell.swift */ = {isa = PBXFileReference; lastKnownFileType = sourcecode.swift; path = PhotoGridTableViewCell.swift; sourceTree = "<group>"; };
		47F0CCFE2975BA60003B22EB /* PhotoCollectionViewCell.swift */ = {isa = PBXFileReference; lastKnownFileType = sourcecode.swift; path = PhotoCollectionViewCell.swift; sourceTree = "<group>"; };
		47F0CD002975DDAB003B22EB /* GAButton.swift */ = {isa = PBXFileReference; lastKnownFileType = sourcecode.swift; path = GAButton.swift; sourceTree = "<group>"; };
		47F0CD0229760AC4003B22EB /* IdManager.swift */ = {isa = PBXFileReference; lastKnownFileType = sourcecode.swift; path = IdManager.swift; sourceTree = "<group>"; };
		47F1204929872FD800C5CAF6 /* ParticipantsViewController.swift */ = {isa = PBXFileReference; lastKnownFileType = sourcecode.swift; path = ParticipantsViewController.swift; sourceTree = "<group>"; };
		47F1204B2987737700C5CAF6 /* ParticipantsViewHeaderView.swift */ = {isa = PBXFileReference; lastKnownFileType = sourcecode.swift; path = ParticipantsViewHeaderView.swift; sourceTree = "<group>"; };
		47F38E30299423FB00F3ADF0 /* ProfileHeaderCollectionReusableView.swift */ = {isa = PBXFileReference; lastKnownFileType = sourcecode.swift; path = ProfileHeaderCollectionReusableView.swift; sourceTree = "<group>"; };
		47F911FF2991F59500DD5597 /* HomeSectionHeaderReusableView.swift */ = {isa = PBXFileReference; lastKnownFileType = sourcecode.swift; path = HomeSectionHeaderReusableView.swift; sourceTree = "<group>"; };
		47FC52A92999686900B0C25D /* PolicyViewController.swift */ = {isa = PBXFileReference; lastKnownFileType = sourcecode.swift; path = PolicyViewController.swift; sourceTree = "<group>"; };
		47FC52AB29996B5900B0C25D /* Policy.swift */ = {isa = PBXFileReference; lastKnownFileType = sourcecode.swift; path = Policy.swift; sourceTree = "<group>"; };
		47FD6EDE296F2B12001AF255 /* HomeViewController.swift */ = {isa = PBXFileReference; lastKnownFileType = sourcecode.swift; path = HomeViewController.swift; sourceTree = "<group>"; };
		47FD6EE1296F2C23001AF255 /* TabBarViewController.swift */ = {isa = PBXFileReference; lastKnownFileType = sourcecode.swift; path = TabBarViewController.swift; sourceTree = "<group>"; };
		47FD6EE3296F2C5C001AF255 /* ExploreViewController.swift */ = {isa = PBXFileReference; lastKnownFileType = sourcecode.swift; path = ExploreViewController.swift; sourceTree = "<group>"; };
		47FD6EE5296F2EC7001AF255 /* ProfileViewController.swift */ = {isa = PBXFileReference; lastKnownFileType = sourcecode.swift; path = ProfileViewController.swift; sourceTree = "<group>"; };
		47FD6EEC296F2FD0001AF255 /* FavouritedViewController.swift */ = {isa = PBXFileReference; lastKnownFileType = sourcecode.swift; path = FavouritedViewController.swift; sourceTree = "<group>"; };
		47FD6EEE296F2FEA001AF255 /* NewEventViewController.swift */ = {isa = PBXFileReference; lastKnownFileType = sourcecode.swift; path = NewEventViewController.swift; sourceTree = "<group>"; };
		47FD6EF0296F2FF6001AF255 /* User.swift */ = {isa = PBXFileReference; lastKnownFileType = sourcecode.swift; path = User.swift; sourceTree = "<group>"; };
		47FD6EF2296F34F5001AF255 /* Extension.swift */ = {isa = PBXFileReference; fileEncoding = 4; lastKnownFileType = sourcecode.swift; path = Extension.swift; sourceTree = "<group>"; };
		47FD6EF4296F36F8001AF255 /* Event.swift */ = {isa = PBXFileReference; lastKnownFileType = sourcecode.swift; path = Event.swift; sourceTree = "<group>"; };
		47FD6EF8296F4F04001AF255 /* SmallEventCollectionViewCell.swift */ = {isa = PBXFileReference; lastKnownFileType = sourcecode.swift; path = SmallEventCollectionViewCell.swift; sourceTree = "<group>"; };
		47FD6EFA296F4F4E001AF255 /* EventCollectionViewCellViewModel.swift */ = {isa = PBXFileReference; lastKnownFileType = sourcecode.swift; path = EventCollectionViewCellViewModel.swift; sourceTree = "<group>"; };
		47FD6EFD296F5637001AF255 /* MockData.swift */ = {isa = PBXFileReference; lastKnownFileType = sourcecode.swift; path = MockData.swift; sourceTree = "<group>"; };
		47FD6EFF296F60B9001AF255 /* LargeEventCollectionViewCell.swift */ = {isa = PBXFileReference; lastKnownFileType = sourcecode.swift; path = LargeEventCollectionViewCell.swift; sourceTree = "<group>"; };
		47FD6F01296F623A001AF255 /* BasicEventCollectionViewCell.swift */ = {isa = PBXFileReference; lastKnownFileType = sourcecode.swift; path = BasicEventCollectionViewCell.swift; sourceTree = "<group>"; };
		47FD6F03296F7951001AF255 /* EventMainViewController.swift */ = {isa = PBXFileReference; lastKnownFileType = sourcecode.swift; path = EventMainViewController.swift; sourceTree = "<group>"; };
		526E63EF0AD758A2505653F2 /* Pods-gathering.debug.xcconfig */ = {isa = PBXFileReference; includeInIndex = 1; lastKnownFileType = text.xcconfig; name = "Pods-gathering.debug.xcconfig"; path = "Target Support Files/Pods-gathering/Pods-gathering.debug.xcconfig"; sourceTree = "<group>"; };
		646C186FF11F1E7F4585A733 /* Pods-Gather Pool.debug.xcconfig */ = {isa = PBXFileReference; includeInIndex = 1; lastKnownFileType = text.xcconfig; name = "Pods-Gather Pool.debug.xcconfig"; path = "Target Support Files/Pods-Gather Pool/Pods-Gather Pool.debug.xcconfig"; sourceTree = "<group>"; };
		917997C00825EDCFE7288BE1 /* Pods_Gather_Pool.framework */ = {isa = PBXFileReference; explicitFileType = wrapper.framework; includeInIndex = 0; path = Pods_Gather_Pool.framework; sourceTree = BUILT_PRODUCTS_DIR; };
		BC2FD6B179AF63251F625C26 /* Pods-Gather Pool.release.xcconfig */ = {isa = PBXFileReference; includeInIndex = 1; lastKnownFileType = text.xcconfig; name = "Pods-Gather Pool.release.xcconfig"; path = "Target Support Files/Pods-Gather Pool/Pods-Gather Pool.release.xcconfig"; sourceTree = "<group>"; };
		E031C6C76BA2A9938E90B0D4 /* Pods-gathering.release.xcconfig */ = {isa = PBXFileReference; includeInIndex = 1; lastKnownFileType = text.xcconfig; name = "Pods-gathering.release.xcconfig"; path = "Target Support Files/Pods-gathering/Pods-gathering.release.xcconfig"; sourceTree = "<group>"; };
/* End PBXFileReference section */

/* Begin PBXFrameworksBuildPhase section */
		4759518A296DF24300C40741 /* Frameworks */ = {
			isa = PBXFrameworksBuildPhase;
			buildActionMask = 2147483647;
			files = (
				5FA902B432AF9E83F65A2B8A /* Pods_Gather_Pool.framework in Frameworks */,
			);
			runOnlyForDeploymentPostprocessing = 0;
		};
/* End PBXFrameworksBuildPhase section */

/* Begin PBXGroup section */
		03EDF72ABF8913E785317BC3 /* Pods */ = {
			isa = PBXGroup;
			children = (
				526E63EF0AD758A2505653F2 /* Pods-gathering.debug.xcconfig */,
				E031C6C76BA2A9938E90B0D4 /* Pods-gathering.release.xcconfig */,
				646C186FF11F1E7F4585A733 /* Pods-Gather Pool.debug.xcconfig */,
				BC2FD6B179AF63251F625C26 /* Pods-Gather Pool.release.xcconfig */,
			);
			path = Pods;
			sourceTree = "<group>";
		};
		47595184296DF24300C40741 = {
			isa = PBXGroup;
			children = (
				4771E0BE299B3F3F0084C0B3 /* Gather Pool.entitlements */,
				4759518F296DF24300C40741 /* gathering */,
				4759518E296DF24300C40741 /* Products */,
				03EDF72ABF8913E785317BC3 /* Pods */,
				9B128DC2674B203B1DDFF1F3 /* Frameworks */,
			);
			sourceTree = "<group>";
		};
		4759518E296DF24300C40741 /* Products */ = {
			isa = PBXGroup;
			children = (
				4759518D296DF24300C40741 /* Gather Pool.app */,
			);
			name = Products;
			sourceTree = "<group>";
		};
		4759518F296DF24300C40741 /* gathering */ = {
			isa = PBXGroup;
			children = (
				47FD6EFC296F5619001AF255 /* Managers */,
				47FD6EE7296F2F1C001AF255 /* Models */,
				47FD6EE9296F2F43001AF255 /* Views */,
				47FD6EE8296F2F39001AF255 /* ViewModels */,
				47FD6EE0296F2BFA001AF255 /* ViewControllers */,
				47FD6EEA296F2F59001AF255 /* Resources */,
				4759519E296DF24400C40741 /* Info.plist */,
				47835AAB299C9D6400E3764C /* GoogleService-Info.plist */,
			);
			path = gathering;
			sourceTree = "<group>";
		};
		479C3B8E29A1560E000D55BA /* RealmObject */ = {
			isa = PBXGroup;
			children = (
				479C3B8F29A1561D000D55BA /* UserObject+Extensions.swift */,
				479C3B9129A1568E000D55BA /* ConversationObject.swift */,
				4728D87429A1830400E2F431 /* MessageObject.swift */,
			);
			path = RealmObject;
			sourceTree = "<group>";
		};
		47F0CCFC2975BA44003B22EB /* CollectionViewCell */ = {
			isa = PBXGroup;
			children = (
				47FD6F01296F623A001AF255 /* BasicEventCollectionViewCell.swift */,
				47FD6EF8296F4F04001AF255 /* SmallEventCollectionViewCell.swift */,
				47FD6EFF296F60B9001AF255 /* LargeEventCollectionViewCell.swift */,
				47CC052E299038EC00E97C1F /* EmojiEventCollectionViewCell.swift */,
				47F0CCFE2975BA60003B22EB /* PhotoCollectionViewCell.swift */,
				474065B12980DF9D00504422 /* PhotoLabelCollectionViewCell.swift */,
				471900C72979BF6900B2DD8C /* EventInfoCollectionViewCell.swift */,
				47A35965297AF4BE007E7C2D /* EventOwnerCollectionViewCell.swift */,
				47F911FF2991F59500DD5597 /* HomeSectionHeaderReusableView.swift */,
				4796DC0F299574E7005802E2 /* FilterButtonCollectionViewCell.swift */,
				478EE83C2996C447001BA53E /* FavouritedTableCollectionViewCell.swift */,
			);
			path = CollectionViewCell;
			sourceTree = "<group>";
		};
		47F0CCFD2975BA4F003B22EB /* TableViewCell */ = {
			isa = PBXGroup;
			children = (
				47BC0575297491F700242E45 /* TextFieldTableViewCell.swift */,
				47BC0577297491FF00242E45 /* TextViewTableViewCell.swift */,
				4763D9D829819E550062C12C /* ValueTableViewCell.swift */,
				47F0CCFA2975B2A1003B22EB /* PhotoGridTableViewCell.swift */,
				471D217B2976AA4000C8E8C6 /* DatePickerTableViewCell.swift */,
				47D44EFB298882A900DEB3B4 /* UserTableViewCell.swift */,
				47D44EFF2988B63D00DEB3B4 /* TextLabelTableViewCell.swift */,
				47685DF9298B445B00B50DEC /* HeadcountTableViewCell.swift */,
				47710615298C4B07004BC473 /* ParticipantsTableViewCell.swift */,
				477C615A2990088500CDB241 /* TitleWithImageTableViewCell.swift */,
				479C3B8C29A12501000D55BA /* ChatMessageTableViewCell.swift */,
				474A2F6329A1D3FD00ADE1B6 /* ChatConversationTableViewCell.swift */,
			);
			path = TableViewCell;
			sourceTree = "<group>";
		};
		47FD6EDD296F2B05001AF255 /* Core */ = {
			isa = PBXGroup;
			children = (
				47FD6EE1296F2C23001AF255 /* TabBarViewController.swift */,
				47FD6EEE296F2FEA001AF255 /* NewEventViewController.swift */,
				47FD6EEC296F2FD0001AF255 /* FavouritedViewController.swift */,
				47FD6EDE296F2B12001AF255 /* HomeViewController.swift */,
				47FD6EE5296F2EC7001AF255 /* ProfileViewController.swift */,
				47FD6EE3296F2C5C001AF255 /* ExploreViewController.swift */,
				474065AF2980D67B00504422 /* NewCategoryViewController.swift */,
				47D44EFD298896E500DEB3B4 /* FormEventViewController.swift */,
				475B8C67299368DA0078174C /* UserProfileViewController.swift */,
			);
			path = Core;
			sourceTree = "<group>";
		};
		47FD6EE0296F2BFA001AF255 /* ViewControllers */ = {
			isa = PBXGroup;
			children = (
				47FD6EDD296F2B05001AF255 /* Core */,
				47FD6EEB296F2F7E001AF255 /* Others */,
			);
			path = ViewControllers;
			sourceTree = "<group>";
		};
		47FD6EE7296F2F1C001AF255 /* Models */ = {
			isa = PBXGroup;
			children = (
				479C3B8E29A1560E000D55BA /* RealmObject */,
				47FD6EF0296F2FF6001AF255 /* User.swift */,
				47FD6EF4296F36F8001AF255 /* Event.swift */,
				47D44EF9298851C500DEB3B4 /* Participant.swift */,
				47E7DD79298A23BE000C1FFC /* Location.swift */,
				478EE83E2996E610001BA53E /* SearchResult.swift */,
			);
			path = Models;
			sourceTree = "<group>";
		};
		47FD6EE8296F2F39001AF255 /* ViewModels */ = {
			isa = PBXGroup;
			children = (
				47FD6EFA296F4F4E001AF255 /* EventCollectionViewCellViewModel.swift */,
				477FC1AA2970C51F00D7C45A /* InfoCardViewModel.swift */,
				478B0C332971C4C2000CECAB /* EventExtraInfoCardViewModel.swift */,
				47DC14BD297869C30006D4F4 /* EventMainViewModel.swift */,
				47AD2E0E298F78C200D42E45 /* PreviewViewModel.swift */,
			);
			path = ViewModels;
			sourceTree = "<group>";
		};
		47FD6EE9296F2F43001AF255 /* Views */ = {
			isa = PBXGroup;
			children = (
				47FD6EF6296F4EA5001AF255 /* Cells */,
				477FC1A62970C21B00D7C45A /* EventInfoCard.swift */,
				47D44EF7298831A600DEB3B4 /* GenderSelectionView.swift */,
				478B0C312971C36F000CECAB /* EventExtraInfoCard.swift */,
				4762966D29742416001BF5B7 /* LoginView.swift */,
				477FE39B297255830074B7AA /* GATextField.swift */,
				47F0CD002975DDAB003B22EB /* GAButton.swift */,
				4763D9DA2981CA950062C12C /* ProfileHeaderView.swift */,
				47DC14C12978AE510006D4F4 /* EventHeaderView.swift */,
				4763D9DC2981E1480062C12C /* SectionHeaderView.swift */,
				47F1204B2987737700C5CAF6 /* ParticipantsViewHeaderView.swift */,
				47DC14C32978B5470006D4F4 /* StretchyHeaderLayout.swift */,
				47F38E30299423FB00F3ADF0 /* ProfileHeaderCollectionReusableView.swift */,
				47FD6EF7296F4EC0001AF255 /* Storyboards */,
				471302E429960E81006D23B1 /* SegmentedButtonsView.swift */,
			);
			path = Views;
			sourceTree = "<group>";
		};
		47FD6EEA296F2F59001AF255 /* Resources */ = {
			isa = PBXGroup;
			children = (
				47FD6EF2296F34F5001AF255 /* Extension.swift */,
				47595190296DF24300C40741 /* AppDelegate.swift */,
				47595192296DF24300C40741 /* SceneDelegate.swift */,
				47595199296DF24400C40741 /* Assets.xcassets */,
				473B8E8C29989C6000992C15 /* Constant.swift */,
				47FC52AB29996B5900B0C25D /* Policy.swift */,
			);
			path = Resources;
			sourceTree = "<group>";
		};
		47FD6EEB296F2F7E001AF255 /* Others */ = {
			isa = PBXGroup;
			children = (
				47595194296DF24300C40741 /* WelcomeViewController.swift */,
				47FD6F03296F7951001AF255 /* EventMainViewController.swift */,
				4762966F297424FE001BF5B7 /* RegisterViewController.swift */,
				47DC14BF2978A6490006D4F4 /* EventViewController.swift */,
				47D33ACB298336E800D9A205 /* EnrollViewController.swift */,
				4763D9D6298183BB0062C12C /* EditProfileViewController.swift */,
				47F1204929872FD800C5CAF6 /* ParticipantsViewController.swift */,
				47E7DD77298A124B000C1FFC /* LocationSearchViewController.swift */,
				47E7DD7B298A288B000C1FFC /* LocationSearchResultTableVC.swift */,
				47D3DAD7298DB43300F9A3F3 /* PreviewViewController.swift */,
				4796DC112995A66F005802E2 /* GeneralSearchResultViewController.swift */,
				47FC52A92999686900B0C25D /* PolicyViewController.swift */,
				4748FEAB299AA75C000E408E /* AIAssistantViewController.swift */,
				470D58A9299FE3360034293D /* ChatMainViewController.swift */,
				470D58AB29A01FD80034293D /* ChatMessageViewController.swift */,
			);
			path = Others;
			sourceTree = "<group>";
		};
		47FD6EF6296F4EA5001AF255 /* Cells */ = {
			isa = PBXGroup;
			children = (
				47F0CCFC2975BA44003B22EB /* CollectionViewCell */,
				47F0CCFD2975BA4F003B22EB /* TableViewCell */,
			);
			path = Cells;
			sourceTree = "<group>";
		};
		47FD6EF7296F4EC0001AF255 /* Storyboards */ = {
			isa = PBXGroup;
			children = (
				47595196296DF24300C40741 /* Main.storyboard */,
				4759519B296DF24400C40741 /* LaunchScreen.storyboard */,
			);
			path = Storyboards;
			sourceTree = "<group>";
		};
		47FD6EFC296F5619001AF255 /* Managers */ = {
			isa = PBXGroup;
			children = (
				47FD6EFD296F5637001AF255 /* MockData.swift */,
				477FC1A4297099FD00D7C45A /* TransitionManager.swift */,
				47BE57832972134B00EDA791 /* DatabaseManager.swift */,
				47BE57852972135100EDA791 /* StorageManager.swift */,
				47BE57872972135500EDA791 /* AuthManager.swift */,
				47F0CD0229760AC4003B22EB /* IdManager.swift */,
				472997062985AC4400543FF6 /* DefaultsManager.swift */,
				47C939CB299C1045002917CE /* CustomNotificationManager.swift */,
				470D58A7299FDF800034293D /* ChatMessageManager.swift */,
				474A2F6529A1E46100ADE1B6 /* RealmManager.swift */,
			);
			path = Managers;
			sourceTree = "<group>";
		};
		9B128DC2674B203B1DDFF1F3 /* Frameworks */ = {
			isa = PBXGroup;
			children = (
				917997C00825EDCFE7288BE1 /* Pods_Gather_Pool.framework */,
			);
			name = Frameworks;
			sourceTree = "<group>";
		};
/* End PBXGroup section */

/* Begin PBXNativeTarget section */
		4759518C296DF24300C40741 /* Gather Pool */ = {
			isa = PBXNativeTarget;
			buildConfigurationList = 475951A1296DF24400C40741 /* Build configuration list for PBXNativeTarget "Gather Pool" */;
			buildPhases = (
				5FDA469FE42312985E7E0726 /* [CP] Check Pods Manifest.lock */,
				47595189296DF24300C40741 /* Sources */,
				4759518A296DF24300C40741 /* Frameworks */,
				4759518B296DF24300C40741 /* Resources */,
				3B8F6D419A5D1746B8417D47 /* [CP] Embed Pods Frameworks */,
			);
			buildRules = (
			);
			dependencies = (
			);
			name = "Gather Pool";
			productName = gathering;
			productReference = 4759518D296DF24300C40741 /* Gather Pool.app */;
			productType = "com.apple.product-type.application";
		};
/* End PBXNativeTarget section */

/* Begin PBXProject section */
		47595185296DF24300C40741 /* Project object */ = {
			isa = PBXProject;
			attributes = {
				BuildIndependentTargetsInParallel = 1;
				LastSwiftUpdateCheck = 1420;
				LastUpgradeCheck = 1420;
				TargetAttributes = {
					4759518C296DF24300C40741 = {
						CreatedOnToolsVersion = 14.2;
					};
				};
			};
			buildConfigurationList = 47595188296DF24300C40741 /* Build configuration list for PBXProject "gathering" */;
			compatibilityVersion = "Xcode 14.0";
			developmentRegion = en;
			hasScannedForEncodings = 0;
			knownRegions = (
				en,
				Base,
			);
			mainGroup = 47595184296DF24300C40741;
			productRefGroup = 4759518E296DF24300C40741 /* Products */;
			projectDirPath = "";
			projectRoot = "";
			targets = (
				4759518C296DF24300C40741 /* Gather Pool */,
			);
		};
/* End PBXProject section */

/* Begin PBXResourcesBuildPhase section */
		4759518B296DF24300C40741 /* Resources */ = {
			isa = PBXResourcesBuildPhase;
			buildActionMask = 2147483647;
			files = (
				4759519D296DF24400C40741 /* LaunchScreen.storyboard in Resources */,
				47835AAC299C9D6500E3764C /* GoogleService-Info.plist in Resources */,
				4759519A296DF24400C40741 /* Assets.xcassets in Resources */,
				47595198296DF24300C40741 /* Main.storyboard in Resources */,
			);
			runOnlyForDeploymentPostprocessing = 0;
		};
/* End PBXResourcesBuildPhase section */

/* Begin PBXShellScriptBuildPhase section */
		3B8F6D419A5D1746B8417D47 /* [CP] Embed Pods Frameworks */ = {
			isa = PBXShellScriptBuildPhase;
			buildActionMask = 2147483647;
			files = (
			);
			inputFileListPaths = (
				"${PODS_ROOT}/Target Support Files/Pods-Gather Pool/Pods-Gather Pool-frameworks-${CONFIGURATION}-input-files.xcfilelist",
			);
			name = "[CP] Embed Pods Frameworks";
			outputFileListPaths = (
				"${PODS_ROOT}/Target Support Files/Pods-Gather Pool/Pods-Gather Pool-frameworks-${CONFIGURATION}-output-files.xcfilelist",
			);
			runOnlyForDeploymentPostprocessing = 0;
			shellPath = /bin/sh;
			shellScript = "\"${PODS_ROOT}/Target Support Files/Pods-Gather Pool/Pods-Gather Pool-frameworks.sh\"\n";
			showEnvVarsInLog = 0;
		};
		5FDA469FE42312985E7E0726 /* [CP] Check Pods Manifest.lock */ = {
			isa = PBXShellScriptBuildPhase;
			buildActionMask = 2147483647;
			files = (
			);
			inputFileListPaths = (
			);
			inputPaths = (
				"${PODS_PODFILE_DIR_PATH}/Podfile.lock",
				"${PODS_ROOT}/Manifest.lock",
			);
			name = "[CP] Check Pods Manifest.lock";
			outputFileListPaths = (
			);
			outputPaths = (
				"$(DERIVED_FILE_DIR)/Pods-Gather Pool-checkManifestLockResult.txt",
			);
			runOnlyForDeploymentPostprocessing = 0;
			shellPath = /bin/sh;
			shellScript = "diff \"${PODS_PODFILE_DIR_PATH}/Podfile.lock\" \"${PODS_ROOT}/Manifest.lock\" > /dev/null\nif [ $? != 0 ] ; then\n    # print error to STDERR\n    echo \"error: The sandbox is not in sync with the Podfile.lock. Run 'pod install' or update your CocoaPods installation.\" >&2\n    exit 1\nfi\n# This output is used by Xcode 'outputs' to avoid re-running this script phase.\necho \"SUCCESS\" > \"${SCRIPT_OUTPUT_FILE_0}\"\n";
			showEnvVarsInLog = 0;
		};
/* End PBXShellScriptBuildPhase section */

/* Begin PBXSourcesBuildPhase section */
		47595189296DF24300C40741 /* Sources */ = {
			isa = PBXSourcesBuildPhase;
			buildActionMask = 2147483647;
			files = (
				470D58AA299FE3360034293D /* ChatMainViewController.swift in Sources */,
				47FD6EED296F2FD0001AF255 /* FavouritedViewController.swift in Sources */,
				47D44F002988B63D00DEB3B4 /* TextLabelTableViewCell.swift in Sources */,
				47BE57882972135500EDA791 /* AuthManager.swift in Sources */,
				471302E529960E81006D23B1 /* SegmentedButtonsView.swift in Sources */,
				47710616298C4B07004BC473 /* ParticipantsTableViewCell.swift in Sources */,
				4763D9D7298183BB0062C12C /* EditProfileViewController.swift in Sources */,
				475B8C68299368DA0078174C /* UserProfileViewController.swift in Sources */,
				47595195296DF24300C40741 /* WelcomeViewController.swift in Sources */,
				47BE57842972134B00EDA791 /* DatabaseManager.swift in Sources */,
				47BC0576297491F700242E45 /* TextFieldTableViewCell.swift in Sources */,
				47DC14C02978A6490006D4F4 /* EventViewController.swift in Sources */,
				47D44EFA298851C500DEB3B4 /* Participant.swift in Sources */,
				47FC52AA2999686900B0C25D /* PolicyViewController.swift in Sources */,
				47595191296DF24300C40741 /* AppDelegate.swift in Sources */,
				47685DFA298B445B00B50DEC /* HeadcountTableViewCell.swift in Sources */,
				47F1204A29872FD800C5CAF6 /* ParticipantsViewController.swift in Sources */,
				47FD6EE4296F2C5C001AF255 /* ExploreViewController.swift in Sources */,
				477FC1A72970C21B00D7C45A /* EventInfoCard.swift in Sources */,
				47FC52AC29996B5900B0C25D /* Policy.swift in Sources */,
				470D58A8299FDF800034293D /* ChatMessageManager.swift in Sources */,
				473B8E8D29989C6000992C15 /* Constant.swift in Sources */,
				47D44EF8298831A600DEB3B4 /* GenderSelectionView.swift in Sources */,
				47FD6EFE296F5637001AF255 /* MockData.swift in Sources */,
				47C939CC299C1045002917CE /* CustomNotificationManager.swift in Sources */,
				47DC14BE297869C30006D4F4 /* EventMainViewModel.swift in Sources */,
				471900C82979BF6900B2DD8C /* EventInfoCollectionViewCell.swift in Sources */,
				47FD6F00296F60B9001AF255 /* LargeEventCollectionViewCell.swift in Sources */,
				47F0CCFF2975BA60003B22EB /* PhotoCollectionViewCell.swift in Sources */,
				47FD6EF5296F36F8001AF255 /* Event.swift in Sources */,
				47FD6F02296F623A001AF255 /* BasicEventCollectionViewCell.swift in Sources */,
				479C3B8D29A12501000D55BA /* ChatMessageTableViewCell.swift in Sources */,
				47A35966297AF4BE007E7C2D /* EventOwnerCollectionViewCell.swift in Sources */,
				47E7DD7C298A288B000C1FFC /* LocationSearchResultTableVC.swift in Sources */,
				47D44EFE298896E500DEB3B4 /* FormEventViewController.swift in Sources */,
				477FC1A5297099FD00D7C45A /* TransitionManager.swift in Sources */,
				477FC1AB2970C51F00D7C45A /* InfoCardViewModel.swift in Sources */,
				477FE39C297255830074B7AA /* GATextField.swift in Sources */,
				47D44EFC298882A900DEB3B4 /* UserTableViewCell.swift in Sources */,
				47DC14C22978AE510006D4F4 /* EventHeaderView.swift in Sources */,
				4796DC122995A66F005802E2 /* GeneralSearchResultViewController.swift in Sources */,
				479C3B9029A1561D000D55BA /* UserObject+Extensions.swift in Sources */,
				47F38E31299423FB00F3ADF0 /* ProfileHeaderCollectionReusableView.swift in Sources */,
				474065B22980DF9D00504422 /* PhotoLabelCollectionViewCell.swift in Sources */,
				47FD6EF3296F34F5001AF255 /* Extension.swift in Sources */,
				47FD6EFB296F4F4E001AF255 /* EventCollectionViewCellViewModel.swift in Sources */,
				47FD6EEF296F2FEA001AF255 /* NewEventViewController.swift in Sources */,
				474A2F6429A1D3FD00ADE1B6 /* ChatConversationTableViewCell.swift in Sources */,
				47595193296DF24300C40741 /* SceneDelegate.swift in Sources */,
				47DC14C42978B5470006D4F4 /* StretchyHeaderLayout.swift in Sources */,
				47FD6EE6296F2EC7001AF255 /* ProfileViewController.swift in Sources */,
				478EE83F2996E610001BA53E /* SearchResult.swift in Sources */,
				478B0C342971C4C2000CECAB /* EventExtraInfoCardViewModel.swift in Sources */,
				4762966E29742416001BF5B7 /* LoginView.swift in Sources */,
				4728D87529A1830400E2F431 /* MessageObject.swift in Sources */,
				47FD6EE2296F2C23001AF255 /* TabBarViewController.swift in Sources */,
				471D217C2976AA4000C8E8C6 /* DatePickerTableViewCell.swift in Sources */,
				474A2F6629A1E46100ADE1B6 /* RealmManager.swift in Sources */,
				47D33ACC298336E800D9A205 /* EnrollViewController.swift in Sources */,
				47BE57862972135100EDA791 /* StorageManager.swift in Sources */,
				4796DC10299574E7005802E2 /* FilterButtonCollectionViewCell.swift in Sources */,
				47D3DAD8298DB43300F9A3F3 /* PreviewViewController.swift in Sources */,
				47F1204C2987737700C5CAF6 /* ParticipantsViewHeaderView.swift in Sources */,
				47F0CD0329760AC4003B22EB /* IdManager.swift in Sources */,
				47E7DD78298A124B000C1FFC /* LocationSearchViewController.swift in Sources */,
				472997072985AC4400543FF6 /* DefaultsManager.swift in Sources */,
				4763D9D929819E550062C12C /* ValueTableViewCell.swift in Sources */,
				47CC052F299038EC00E97C1F /* EmojiEventCollectionViewCell.swift in Sources */,
				478EE83D2996C447001BA53E /* FavouritedTableCollectionViewCell.swift in Sources */,
				47FD6F04296F7951001AF255 /* EventMainViewController.swift in Sources */,
				47629670297424FE001BF5B7 /* RegisterViewController.swift in Sources */,
				474065B02980D67B00504422 /* NewCategoryViewController.swift in Sources */,
				479C3B9229A1568E000D55BA /* ConversationObject.swift in Sources */,
				47F0CD012975DDAB003B22EB /* GAButton.swift in Sources */,
				47FD6EF1296F2FF6001AF255 /* User.swift in Sources */,
				47FD6EDF296F2B12001AF255 /* HomeViewController.swift in Sources */,
				4748FEAC299AA75C000E408E /* AIAssistantViewController.swift in Sources */,
				47FD6EF9296F4F04001AF255 /* SmallEventCollectionViewCell.swift in Sources */,
				47BC0578297491FF00242E45 /* TextViewTableViewCell.swift in Sources */,
				4763D9DB2981CA950062C12C /* ProfileHeaderView.swift in Sources */,
				4763D9DD2981E1480062C12C /* SectionHeaderView.swift in Sources */,
				47F912002991F59600DD5597 /* HomeSectionHeaderReusableView.swift in Sources */,
				477C615B2990088500CDB241 /* TitleWithImageTableViewCell.swift in Sources */,
				47F0CCFB2975B2A1003B22EB /* PhotoGridTableViewCell.swift in Sources */,
				470D58AC29A01FD80034293D /* ChatMessageViewController.swift in Sources */,
				47E7DD7A298A23BE000C1FFC /* Location.swift in Sources */,
				47AD2E0F298F78C200D42E45 /* PreviewViewModel.swift in Sources */,
				478B0C322971C36F000CECAB /* EventExtraInfoCard.swift in Sources */,
			);
			runOnlyForDeploymentPostprocessing = 0;
		};
/* End PBXSourcesBuildPhase section */

/* Begin PBXVariantGroup section */
		47595196296DF24300C40741 /* Main.storyboard */ = {
			isa = PBXVariantGroup;
			children = (
				47595197296DF24300C40741 /* Base */,
			);
			name = Main.storyboard;
			sourceTree = "<group>";
		};
		4759519B296DF24400C40741 /* LaunchScreen.storyboard */ = {
			isa = PBXVariantGroup;
			children = (
				4759519C296DF24400C40741 /* Base */,
			);
			name = LaunchScreen.storyboard;
			sourceTree = "<group>";
		};
/* End PBXVariantGroup section */

/* Begin XCBuildConfiguration section */
		4759519F296DF24400C40741 /* Debug */ = {
			isa = XCBuildConfiguration;
			buildSettings = {
				ALWAYS_SEARCH_USER_PATHS = NO;
				CLANG_ANALYZER_NONNULL = YES;
				CLANG_ANALYZER_NUMBER_OBJECT_CONVERSION = YES_AGGRESSIVE;
				CLANG_CXX_LANGUAGE_STANDARD = "gnu++20";
				CLANG_ENABLE_MODULES = YES;
				CLANG_ENABLE_OBJC_ARC = YES;
				CLANG_ENABLE_OBJC_WEAK = YES;
				CLANG_WARN_BLOCK_CAPTURE_AUTORELEASING = YES;
				CLANG_WARN_BOOL_CONVERSION = YES;
				CLANG_WARN_COMMA = YES;
				CLANG_WARN_CONSTANT_CONVERSION = YES;
				CLANG_WARN_DEPRECATED_OBJC_IMPLEMENTATIONS = YES;
				CLANG_WARN_DIRECT_OBJC_ISA_USAGE = YES_ERROR;
				CLANG_WARN_DOCUMENTATION_COMMENTS = YES;
				CLANG_WARN_EMPTY_BODY = YES;
				CLANG_WARN_ENUM_CONVERSION = YES;
				CLANG_WARN_INFINITE_RECURSION = YES;
				CLANG_WARN_INT_CONVERSION = YES;
				CLANG_WARN_NON_LITERAL_NULL_CONVERSION = YES;
				CLANG_WARN_OBJC_IMPLICIT_RETAIN_SELF = YES;
				CLANG_WARN_OBJC_LITERAL_CONVERSION = YES;
				CLANG_WARN_OBJC_ROOT_CLASS = YES_ERROR;
				CLANG_WARN_QUOTED_INCLUDE_IN_FRAMEWORK_HEADER = YES;
				CLANG_WARN_RANGE_LOOP_ANALYSIS = YES;
				CLANG_WARN_STRICT_PROTOTYPES = YES;
				CLANG_WARN_SUSPICIOUS_MOVE = YES;
				CLANG_WARN_UNGUARDED_AVAILABILITY = YES_AGGRESSIVE;
				CLANG_WARN_UNREACHABLE_CODE = YES;
				CLANG_WARN__DUPLICATE_METHOD_MATCH = YES;
				COPY_PHASE_STRIP = NO;
				DEBUG_INFORMATION_FORMAT = dwarf;
				ENABLE_STRICT_OBJC_MSGSEND = YES;
				ENABLE_TESTABILITY = YES;
				GCC_C_LANGUAGE_STANDARD = gnu11;
				GCC_DYNAMIC_NO_PIC = NO;
				GCC_NO_COMMON_BLOCKS = YES;
				GCC_OPTIMIZATION_LEVEL = 0;
				GCC_PREPROCESSOR_DEFINITIONS = (
					"DEBUG=1",
					"$(inherited)",
				);
				GCC_WARN_64_TO_32_BIT_CONVERSION = YES;
				GCC_WARN_ABOUT_RETURN_TYPE = YES_ERROR;
				GCC_WARN_UNDECLARED_SELECTOR = YES;
				GCC_WARN_UNINITIALIZED_AUTOS = YES_AGGRESSIVE;
				GCC_WARN_UNUSED_FUNCTION = YES;
				GCC_WARN_UNUSED_VARIABLE = YES;
				IPHONEOS_DEPLOYMENT_TARGET = 13.0;
				MTL_ENABLE_DEBUG_INFO = INCLUDE_SOURCE;
				MTL_FAST_MATH = YES;
				ONLY_ACTIVE_ARCH = YES;
				SDKROOT = iphoneos;
				SWIFT_ACTIVE_COMPILATION_CONDITIONS = DEBUG;
				SWIFT_OPTIMIZATION_LEVEL = "-Onone";
			};
			name = Debug;
		};
		475951A0296DF24400C40741 /* Release */ = {
			isa = XCBuildConfiguration;
			buildSettings = {
				ALWAYS_SEARCH_USER_PATHS = NO;
				CLANG_ANALYZER_NONNULL = YES;
				CLANG_ANALYZER_NUMBER_OBJECT_CONVERSION = YES_AGGRESSIVE;
				CLANG_CXX_LANGUAGE_STANDARD = "gnu++20";
				CLANG_ENABLE_MODULES = YES;
				CLANG_ENABLE_OBJC_ARC = YES;
				CLANG_ENABLE_OBJC_WEAK = YES;
				CLANG_WARN_BLOCK_CAPTURE_AUTORELEASING = YES;
				CLANG_WARN_BOOL_CONVERSION = YES;
				CLANG_WARN_COMMA = YES;
				CLANG_WARN_CONSTANT_CONVERSION = YES;
				CLANG_WARN_DEPRECATED_OBJC_IMPLEMENTATIONS = YES;
				CLANG_WARN_DIRECT_OBJC_ISA_USAGE = YES_ERROR;
				CLANG_WARN_DOCUMENTATION_COMMENTS = YES;
				CLANG_WARN_EMPTY_BODY = YES;
				CLANG_WARN_ENUM_CONVERSION = YES;
				CLANG_WARN_INFINITE_RECURSION = YES;
				CLANG_WARN_INT_CONVERSION = YES;
				CLANG_WARN_NON_LITERAL_NULL_CONVERSION = YES;
				CLANG_WARN_OBJC_IMPLICIT_RETAIN_SELF = YES;
				CLANG_WARN_OBJC_LITERAL_CONVERSION = YES;
				CLANG_WARN_OBJC_ROOT_CLASS = YES_ERROR;
				CLANG_WARN_QUOTED_INCLUDE_IN_FRAMEWORK_HEADER = YES;
				CLANG_WARN_RANGE_LOOP_ANALYSIS = YES;
				CLANG_WARN_STRICT_PROTOTYPES = YES;
				CLANG_WARN_SUSPICIOUS_MOVE = YES;
				CLANG_WARN_UNGUARDED_AVAILABILITY = YES_AGGRESSIVE;
				CLANG_WARN_UNREACHABLE_CODE = YES;
				CLANG_WARN__DUPLICATE_METHOD_MATCH = YES;
				COPY_PHASE_STRIP = NO;
				DEBUG_INFORMATION_FORMAT = "dwarf-with-dsym";
				ENABLE_NS_ASSERTIONS = NO;
				ENABLE_STRICT_OBJC_MSGSEND = YES;
				GCC_C_LANGUAGE_STANDARD = gnu11;
				GCC_NO_COMMON_BLOCKS = YES;
				GCC_WARN_64_TO_32_BIT_CONVERSION = YES;
				GCC_WARN_ABOUT_RETURN_TYPE = YES_ERROR;
				GCC_WARN_UNDECLARED_SELECTOR = YES;
				GCC_WARN_UNINITIALIZED_AUTOS = YES_AGGRESSIVE;
				GCC_WARN_UNUSED_FUNCTION = YES;
				GCC_WARN_UNUSED_VARIABLE = YES;
				IPHONEOS_DEPLOYMENT_TARGET = 13.0;
				MTL_ENABLE_DEBUG_INFO = NO;
				MTL_FAST_MATH = YES;
				SDKROOT = iphoneos;
				SWIFT_COMPILATION_MODE = wholemodule;
				SWIFT_OPTIMIZATION_LEVEL = "-O";
				VALIDATE_PRODUCT = YES;
			};
			name = Release;
		};
		475951A2296DF24400C40741 /* Debug */ = {
			isa = XCBuildConfiguration;
			baseConfigurationReference = 646C186FF11F1E7F4585A733 /* Pods-Gather Pool.debug.xcconfig */;
			buildSettings = {
				ASSETCATALOG_COMPILER_APPICON_NAME = AppIcon;
				ASSETCATALOG_COMPILER_GLOBAL_ACCENT_COLOR_NAME = AccentColor;
				CODE_SIGN_ENTITLEMENTS = "Gather Pool.entitlements";
				CODE_SIGN_STYLE = Automatic;
				CURRENT_PROJECT_VERSION = 1;
				DEVELOPMENT_TEAM = K68DSN9255;
				GENERATE_INFOPLIST_FILE = YES;
				INFOPLIST_FILE = gathering/Info.plist;
				INFOPLIST_KEY_NSLocationWhenInUseUsageDescription = "Your location is needed to show where you are currently on the map.";
				INFOPLIST_KEY_NSPhotoLibraryUsageDescription = "Please allow access to Photo Library to upload photos";
				INFOPLIST_KEY_UIApplicationSupportsIndirectInputEvents = YES;
				INFOPLIST_KEY_UILaunchStoryboardName = LaunchScreen;
				INFOPLIST_KEY_UIMainStoryboardFile = Main;
				INFOPLIST_KEY_UISupportedInterfaceOrientations = UIInterfaceOrientationPortrait;
				IPHONEOS_DEPLOYMENT_TARGET = 13.0;
				LD_RUNPATH_SEARCH_PATHS = (
					"$(inherited)",
					"@executable_path/Frameworks",
				);
				MARKETING_VERSION = 1.0;
				PRODUCT_BUNDLE_IDENTIFIER = com.jason.gathering;
				PRODUCT_NAME = "$(TARGET_NAME)";
				SWIFT_EMIT_LOC_STRINGS = YES;
				SWIFT_VERSION = 5.0;
				TARGETED_DEVICE_FAMILY = 1;
			};
			name = Debug;
		};
		475951A3296DF24400C40741 /* Release */ = {
			isa = XCBuildConfiguration;
			baseConfigurationReference = BC2FD6B179AF63251F625C26 /* Pods-Gather Pool.release.xcconfig */;
			buildSettings = {
				ASSETCATALOG_COMPILER_APPICON_NAME = AppIcon;
				ASSETCATALOG_COMPILER_GLOBAL_ACCENT_COLOR_NAME = AccentColor;
				CODE_SIGN_ENTITLEMENTS = "Gather Pool.entitlements";
				CODE_SIGN_STYLE = Automatic;
				CURRENT_PROJECT_VERSION = 1;
				DEVELOPMENT_TEAM = K68DSN9255;
				GENERATE_INFOPLIST_FILE = YES;
				INFOPLIST_FILE = gathering/Info.plist;
				INFOPLIST_KEY_NSLocationWhenInUseUsageDescription = "Your location is needed to show where you are currently on the map.";
				INFOPLIST_KEY_NSPhotoLibraryUsageDescription = "Please allow access to Photo Library to upload photos";
				INFOPLIST_KEY_UIApplicationSupportsIndirectInputEvents = YES;
				INFOPLIST_KEY_UILaunchStoryboardName = LaunchScreen;
				INFOPLIST_KEY_UIMainStoryboardFile = Main;
				INFOPLIST_KEY_UISupportedInterfaceOrientations = UIInterfaceOrientationPortrait;
				IPHONEOS_DEPLOYMENT_TARGET = 13.0;
				LD_RUNPATH_SEARCH_PATHS = (
					"$(inherited)",
					"@executable_path/Frameworks",
				);
				MARKETING_VERSION = 1.0;
				PRODUCT_BUNDLE_IDENTIFIER = com.jason.gathering;
				PRODUCT_NAME = "$(TARGET_NAME)";
				SWIFT_EMIT_LOC_STRINGS = YES;
				SWIFT_VERSION = 5.0;
				TARGETED_DEVICE_FAMILY = 1;
			};
			name = Release;
		};
/* End XCBuildConfiguration section */

/* Begin XCConfigurationList section */
		47595188296DF24300C40741 /* Build configuration list for PBXProject "gathering" */ = {
			isa = XCConfigurationList;
			buildConfigurations = (
				4759519F296DF24400C40741 /* Debug */,
				475951A0296DF24400C40741 /* Release */,
			);
			defaultConfigurationIsVisible = 0;
			defaultConfigurationName = Release;
		};
		475951A1296DF24400C40741 /* Build configuration list for PBXNativeTarget "Gather Pool" */ = {
			isa = XCConfigurationList;
			buildConfigurations = (
				475951A2296DF24400C40741 /* Debug */,
				475951A3296DF24400C40741 /* Release */,
			);
			defaultConfigurationIsVisible = 0;
			defaultConfigurationName = Release;
		};
/* End XCConfigurationList section */
	};
	rootObject = 47595185296DF24300C40741 /* Project object */;
}
