// !$*UTF8*$!
{
	archiveVersion = 1;
	classes = {
	};
	objectVersion = 56;
	objects = {

/* Begin PBXBuildFile section */
		3DA8C9AD61A6A13C30D248F5 /* Pods_gathering.framework in Frameworks */ = {isa = PBXBuildFile; fileRef = 26968C77C627589810F5CA45 /* Pods_gathering.framework */; };
		471D217C2976AA4000C8E8C6 /* DatePickerTableViewCell.swift in Sources */ = {isa = PBXBuildFile; fileRef = 471D217B2976AA4000C8E8C6 /* DatePickerTableViewCell.swift */; };
		47595191296DF24300C40741 /* AppDelegate.swift in Sources */ = {isa = PBXBuildFile; fileRef = 47595190296DF24300C40741 /* AppDelegate.swift */; };
		47595193296DF24300C40741 /* SceneDelegate.swift in Sources */ = {isa = PBXBuildFile; fileRef = 47595192296DF24300C40741 /* SceneDelegate.swift */; };
		47595195296DF24300C40741 /* WelcomeViewController.swift in Sources */ = {isa = PBXBuildFile; fileRef = 47595194296DF24300C40741 /* WelcomeViewController.swift */; };
		47595198296DF24300C40741 /* Main.storyboard in Resources */ = {isa = PBXBuildFile; fileRef = 47595196296DF24300C40741 /* Main.storyboard */; };
		4759519A296DF24400C40741 /* Assets.xcassets in Resources */ = {isa = PBXBuildFile; fileRef = 47595199296DF24400C40741 /* Assets.xcassets */; };
		4759519D296DF24400C40741 /* LaunchScreen.storyboard in Resources */ = {isa = PBXBuildFile; fileRef = 4759519B296DF24400C40741 /* LaunchScreen.storyboard */; };
		4762966E29742416001BF5B7 /* LoginView.swift in Sources */ = {isa = PBXBuildFile; fileRef = 4762966D29742416001BF5B7 /* LoginView.swift */; };
		47629670297424FE001BF5B7 /* RegisterViewController.swift in Sources */ = {isa = PBXBuildFile; fileRef = 4762966F297424FE001BF5B7 /* RegisterViewController.swift */; };
		477FC1992970786400D7C45A /* ChatViewController.swift in Sources */ = {isa = PBXBuildFile; fileRef = 477FC1982970786400D7C45A /* ChatViewController.swift */; };
		477FC1A3297085F200D7C45A /* SectionController.swift in Sources */ = {isa = PBXBuildFile; fileRef = 477FC1A2297085F200D7C45A /* SectionController.swift */; };
		477FC1A5297099FD00D7C45A /* TransitionManager.swift in Sources */ = {isa = PBXBuildFile; fileRef = 477FC1A4297099FD00D7C45A /* TransitionManager.swift */; };
		477FC1A72970C21B00D7C45A /* EventInfoCard.swift in Sources */ = {isa = PBXBuildFile; fileRef = 477FC1A62970C21B00D7C45A /* EventInfoCard.swift */; };
		477FC1AB2970C51F00D7C45A /* InfoCardViewModel.swift in Sources */ = {isa = PBXBuildFile; fileRef = 477FC1AA2970C51F00D7C45A /* InfoCardViewModel.swift */; };
		477FE39C297255830074B7AA /* GATextField.swift in Sources */ = {isa = PBXBuildFile; fileRef = 477FE39B297255830074B7AA /* GATextField.swift */; };
		478B0C322971C36F000CECAB /* EventExtraInfoCard.swift in Sources */ = {isa = PBXBuildFile; fileRef = 478B0C312971C36F000CECAB /* EventExtraInfoCard.swift */; };
		478B0C342971C4C2000CECAB /* EventExtraInfoCardViewModel.swift in Sources */ = {isa = PBXBuildFile; fileRef = 478B0C332971C4C2000CECAB /* EventExtraInfoCardViewModel.swift */; };
		47BC0576297491F700242E45 /* TextFieldTableViewCell.swift in Sources */ = {isa = PBXBuildFile; fileRef = 47BC0575297491F700242E45 /* TextFieldTableViewCell.swift */; };
		47BC0578297491FF00242E45 /* TextViewTableViewCell.swift in Sources */ = {isa = PBXBuildFile; fileRef = 47BC0577297491FF00242E45 /* TextViewTableViewCell.swift */; };
		47BE57842972134B00EDA791 /* DatabaseManager.swift in Sources */ = {isa = PBXBuildFile; fileRef = 47BE57832972134B00EDA791 /* DatabaseManager.swift */; };
		47BE57862972135100EDA791 /* StorageManager.swift in Sources */ = {isa = PBXBuildFile; fileRef = 47BE57852972135100EDA791 /* StorageManager.swift */; };
		47BE57882972135500EDA791 /* AuthManager.swift in Sources */ = {isa = PBXBuildFile; fileRef = 47BE57872972135500EDA791 /* AuthManager.swift */; };
		47BE578A2972157100EDA791 /* GoogleService-Info.plist in Resources */ = {isa = PBXBuildFile; fileRef = 47BE57892972157100EDA791 /* GoogleService-Info.plist */; };
		47DC14BE297869C30006D4F4 /* EventMainViewModel.swift in Sources */ = {isa = PBXBuildFile; fileRef = 47DC14BD297869C30006D4F4 /* EventMainViewModel.swift */; };
		47F0CCFB2975B2A1003B22EB /* PhotoGridTableViewCell.swift in Sources */ = {isa = PBXBuildFile; fileRef = 47F0CCFA2975B2A1003B22EB /* PhotoGridTableViewCell.swift */; };
		47F0CCFF2975BA60003B22EB /* PhotoCollectionViewCell.swift in Sources */ = {isa = PBXBuildFile; fileRef = 47F0CCFE2975BA60003B22EB /* PhotoCollectionViewCell.swift */; };
		47F0CD012975DDAB003B22EB /* GAButton.swift in Sources */ = {isa = PBXBuildFile; fileRef = 47F0CD002975DDAB003B22EB /* GAButton.swift */; };
		47F0CD0329760AC4003B22EB /* IdManager.swift in Sources */ = {isa = PBXBuildFile; fileRef = 47F0CD0229760AC4003B22EB /* IdManager.swift */; };
		47FD6EDF296F2B12001AF255 /* HomeViewController.swift in Sources */ = {isa = PBXBuildFile; fileRef = 47FD6EDE296F2B12001AF255 /* HomeViewController.swift */; };
		47FD6EE2296F2C23001AF255 /* TabBarViewController.swift in Sources */ = {isa = PBXBuildFile; fileRef = 47FD6EE1296F2C23001AF255 /* TabBarViewController.swift */; };
		47FD6EE4296F2C5C001AF255 /* ExploreViewController.swift in Sources */ = {isa = PBXBuildFile; fileRef = 47FD6EE3296F2C5C001AF255 /* ExploreViewController.swift */; };
		47FD6EE6296F2EC7001AF255 /* ProfileViewController.swift in Sources */ = {isa = PBXBuildFile; fileRef = 47FD6EE5296F2EC7001AF255 /* ProfileViewController.swift */; };
		47FD6EED296F2FD0001AF255 /* TicketViewController.swift in Sources */ = {isa = PBXBuildFile; fileRef = 47FD6EEC296F2FD0001AF255 /* TicketViewController.swift */; };
		47FD6EEF296F2FEA001AF255 /* NewEventViewController.swift in Sources */ = {isa = PBXBuildFile; fileRef = 47FD6EEE296F2FEA001AF255 /* NewEventViewController.swift */; };
		47FD6EF1296F2FF6001AF255 /* User.swift in Sources */ = {isa = PBXBuildFile; fileRef = 47FD6EF0296F2FF6001AF255 /* User.swift */; };
		47FD6EF3296F34F5001AF255 /* Extension.swift in Sources */ = {isa = PBXBuildFile; fileRef = 47FD6EF2296F34F5001AF255 /* Extension.swift */; };
		47FD6EF5296F36F8001AF255 /* Event.swift in Sources */ = {isa = PBXBuildFile; fileRef = 47FD6EF4296F36F8001AF255 /* Event.swift */; };
		47FD6EF9296F4F04001AF255 /* EventSmallCollectionViewCell.swift in Sources */ = {isa = PBXBuildFile; fileRef = 47FD6EF8296F4F04001AF255 /* EventSmallCollectionViewCell.swift */; };
		47FD6EFB296F4F4E001AF255 /* EventCollectionViewCellViewModel.swift in Sources */ = {isa = PBXBuildFile; fileRef = 47FD6EFA296F4F4E001AF255 /* EventCollectionViewCellViewModel.swift */; };
		47FD6EFE296F5637001AF255 /* MockData.swift in Sources */ = {isa = PBXBuildFile; fileRef = 47FD6EFD296F5637001AF255 /* MockData.swift */; };
		47FD6F00296F60B9001AF255 /* EventLargeCollectionViewCell.swift in Sources */ = {isa = PBXBuildFile; fileRef = 47FD6EFF296F60B9001AF255 /* EventLargeCollectionViewCell.swift */; };
		47FD6F02296F623A001AF255 /* BasicEventCollectionViewCell.swift in Sources */ = {isa = PBXBuildFile; fileRef = 47FD6F01296F623A001AF255 /* BasicEventCollectionViewCell.swift */; };
		47FD6F04296F7951001AF255 /* EventMainViewController.swift in Sources */ = {isa = PBXBuildFile; fileRef = 47FD6F03296F7951001AF255 /* EventMainViewController.swift */; };
/* End PBXBuildFile section */

/* Begin PBXFileReference section */
		26968C77C627589810F5CA45 /* Pods_gathering.framework */ = {isa = PBXFileReference; explicitFileType = wrapper.framework; includeInIndex = 0; path = Pods_gathering.framework; sourceTree = BUILT_PRODUCTS_DIR; };
		471D217B2976AA4000C8E8C6 /* DatePickerTableViewCell.swift */ = {isa = PBXFileReference; lastKnownFileType = sourcecode.swift; path = DatePickerTableViewCell.swift; sourceTree = "<group>"; };
		4759518D296DF24300C40741 /* gathering.app */ = {isa = PBXFileReference; explicitFileType = wrapper.application; includeInIndex = 0; path = gathering.app; sourceTree = BUILT_PRODUCTS_DIR; };
		47595190296DF24300C40741 /* AppDelegate.swift */ = {isa = PBXFileReference; lastKnownFileType = sourcecode.swift; path = AppDelegate.swift; sourceTree = "<group>"; };
		47595192296DF24300C40741 /* SceneDelegate.swift */ = {isa = PBXFileReference; lastKnownFileType = sourcecode.swift; path = SceneDelegate.swift; sourceTree = "<group>"; };
		47595194296DF24300C40741 /* WelcomeViewController.swift */ = {isa = PBXFileReference; lastKnownFileType = sourcecode.swift; path = WelcomeViewController.swift; sourceTree = "<group>"; };
		47595197296DF24300C40741 /* Base */ = {isa = PBXFileReference; lastKnownFileType = file.storyboard; name = Base; path = Base.lproj/Main.storyboard; sourceTree = "<group>"; };
		47595199296DF24400C40741 /* Assets.xcassets */ = {isa = PBXFileReference; lastKnownFileType = folder.assetcatalog; path = Assets.xcassets; sourceTree = "<group>"; };
		4759519C296DF24400C40741 /* Base */ = {isa = PBXFileReference; lastKnownFileType = file.storyboard; name = Base; path = Base.lproj/LaunchScreen.storyboard; sourceTree = "<group>"; };
		4759519E296DF24400C40741 /* Info.plist */ = {isa = PBXFileReference; lastKnownFileType = text.plist.xml; path = Info.plist; sourceTree = "<group>"; };
		4762966D29742416001BF5B7 /* LoginView.swift */ = {isa = PBXFileReference; lastKnownFileType = sourcecode.swift; path = LoginView.swift; sourceTree = "<group>"; };
		4762966F297424FE001BF5B7 /* RegisterViewController.swift */ = {isa = PBXFileReference; lastKnownFileType = sourcecode.swift; path = RegisterViewController.swift; sourceTree = "<group>"; };
		477FC1982970786400D7C45A /* ChatViewController.swift */ = {isa = PBXFileReference; lastKnownFileType = sourcecode.swift; path = ChatViewController.swift; sourceTree = "<group>"; };
		477FC1A2297085F200D7C45A /* SectionController.swift */ = {isa = PBXFileReference; lastKnownFileType = sourcecode.swift; path = SectionController.swift; sourceTree = "<group>"; };
		477FC1A4297099FD00D7C45A /* TransitionManager.swift */ = {isa = PBXFileReference; lastKnownFileType = sourcecode.swift; path = TransitionManager.swift; sourceTree = "<group>"; };
		477FC1A62970C21B00D7C45A /* EventInfoCard.swift */ = {isa = PBXFileReference; lastKnownFileType = sourcecode.swift; path = EventInfoCard.swift; sourceTree = "<group>"; };
		477FC1AA2970C51F00D7C45A /* InfoCardViewModel.swift */ = {isa = PBXFileReference; lastKnownFileType = sourcecode.swift; path = InfoCardViewModel.swift; sourceTree = "<group>"; };
		477FE39B297255830074B7AA /* GATextField.swift */ = {isa = PBXFileReference; lastKnownFileType = sourcecode.swift; path = GATextField.swift; sourceTree = "<group>"; };
		478B0C312971C36F000CECAB /* EventExtraInfoCard.swift */ = {isa = PBXFileReference; lastKnownFileType = sourcecode.swift; path = EventExtraInfoCard.swift; sourceTree = "<group>"; };
		478B0C332971C4C2000CECAB /* EventExtraInfoCardViewModel.swift */ = {isa = PBXFileReference; lastKnownFileType = sourcecode.swift; path = EventExtraInfoCardViewModel.swift; sourceTree = "<group>"; };
		47BC0575297491F700242E45 /* TextFieldTableViewCell.swift */ = {isa = PBXFileReference; lastKnownFileType = sourcecode.swift; path = TextFieldTableViewCell.swift; sourceTree = "<group>"; };
		47BC0577297491FF00242E45 /* TextViewTableViewCell.swift */ = {isa = PBXFileReference; lastKnownFileType = sourcecode.swift; path = TextViewTableViewCell.swift; sourceTree = "<group>"; };
		47BE57832972134B00EDA791 /* DatabaseManager.swift */ = {isa = PBXFileReference; lastKnownFileType = sourcecode.swift; path = DatabaseManager.swift; sourceTree = "<group>"; };
		47BE57852972135100EDA791 /* StorageManager.swift */ = {isa = PBXFileReference; lastKnownFileType = sourcecode.swift; path = StorageManager.swift; sourceTree = "<group>"; };
		47BE57872972135500EDA791 /* AuthManager.swift */ = {isa = PBXFileReference; lastKnownFileType = sourcecode.swift; path = AuthManager.swift; sourceTree = "<group>"; };
		47BE57892972157100EDA791 /* GoogleService-Info.plist */ = {isa = PBXFileReference; fileEncoding = 4; lastKnownFileType = text.plist.xml; path = "GoogleService-Info.plist"; sourceTree = "<group>"; };
		47DC14BD297869C30006D4F4 /* EventMainViewModel.swift */ = {isa = PBXFileReference; lastKnownFileType = sourcecode.swift; path = EventMainViewModel.swift; sourceTree = "<group>"; };
		47F0CCFA2975B2A1003B22EB /* PhotoGridTableViewCell.swift */ = {isa = PBXFileReference; lastKnownFileType = sourcecode.swift; path = PhotoGridTableViewCell.swift; sourceTree = "<group>"; };
		47F0CCFE2975BA60003B22EB /* PhotoCollectionViewCell.swift */ = {isa = PBXFileReference; lastKnownFileType = sourcecode.swift; path = PhotoCollectionViewCell.swift; sourceTree = "<group>"; };
		47F0CD002975DDAB003B22EB /* GAButton.swift */ = {isa = PBXFileReference; lastKnownFileType = sourcecode.swift; path = GAButton.swift; sourceTree = "<group>"; };
		47F0CD0229760AC4003B22EB /* IdManager.swift */ = {isa = PBXFileReference; lastKnownFileType = sourcecode.swift; path = IdManager.swift; sourceTree = "<group>"; };
		47FD6EDE296F2B12001AF255 /* HomeViewController.swift */ = {isa = PBXFileReference; lastKnownFileType = sourcecode.swift; path = HomeViewController.swift; sourceTree = "<group>"; };
		47FD6EE1296F2C23001AF255 /* TabBarViewController.swift */ = {isa = PBXFileReference; lastKnownFileType = sourcecode.swift; path = TabBarViewController.swift; sourceTree = "<group>"; };
		47FD6EE3296F2C5C001AF255 /* ExploreViewController.swift */ = {isa = PBXFileReference; lastKnownFileType = sourcecode.swift; path = ExploreViewController.swift; sourceTree = "<group>"; };
		47FD6EE5296F2EC7001AF255 /* ProfileViewController.swift */ = {isa = PBXFileReference; lastKnownFileType = sourcecode.swift; path = ProfileViewController.swift; sourceTree = "<group>"; };
		47FD6EEC296F2FD0001AF255 /* TicketViewController.swift */ = {isa = PBXFileReference; lastKnownFileType = sourcecode.swift; path = TicketViewController.swift; sourceTree = "<group>"; };
		47FD6EEE296F2FEA001AF255 /* NewEventViewController.swift */ = {isa = PBXFileReference; lastKnownFileType = sourcecode.swift; path = NewEventViewController.swift; sourceTree = "<group>"; };
		47FD6EF0296F2FF6001AF255 /* User.swift */ = {isa = PBXFileReference; lastKnownFileType = sourcecode.swift; path = User.swift; sourceTree = "<group>"; };
		47FD6EF2296F34F5001AF255 /* Extension.swift */ = {isa = PBXFileReference; fileEncoding = 4; lastKnownFileType = sourcecode.swift; path = Extension.swift; sourceTree = "<group>"; };
		47FD6EF4296F36F8001AF255 /* Event.swift */ = {isa = PBXFileReference; lastKnownFileType = sourcecode.swift; path = Event.swift; sourceTree = "<group>"; };
		47FD6EF8296F4F04001AF255 /* EventSmallCollectionViewCell.swift */ = {isa = PBXFileReference; lastKnownFileType = sourcecode.swift; path = EventSmallCollectionViewCell.swift; sourceTree = "<group>"; };
		47FD6EFA296F4F4E001AF255 /* EventCollectionViewCellViewModel.swift */ = {isa = PBXFileReference; lastKnownFileType = sourcecode.swift; path = EventCollectionViewCellViewModel.swift; sourceTree = "<group>"; };
		47FD6EFD296F5637001AF255 /* MockData.swift */ = {isa = PBXFileReference; lastKnownFileType = sourcecode.swift; path = MockData.swift; sourceTree = "<group>"; };
		47FD6EFF296F60B9001AF255 /* EventLargeCollectionViewCell.swift */ = {isa = PBXFileReference; lastKnownFileType = sourcecode.swift; path = EventLargeCollectionViewCell.swift; sourceTree = "<group>"; };
		47FD6F01296F623A001AF255 /* BasicEventCollectionViewCell.swift */ = {isa = PBXFileReference; lastKnownFileType = sourcecode.swift; path = BasicEventCollectionViewCell.swift; sourceTree = "<group>"; };
		47FD6F03296F7951001AF255 /* EventMainViewController.swift */ = {isa = PBXFileReference; lastKnownFileType = sourcecode.swift; path = EventMainViewController.swift; sourceTree = "<group>"; };
		526E63EF0AD758A2505653F2 /* Pods-gathering.debug.xcconfig */ = {isa = PBXFileReference; includeInIndex = 1; lastKnownFileType = text.xcconfig; name = "Pods-gathering.debug.xcconfig"; path = "Target Support Files/Pods-gathering/Pods-gathering.debug.xcconfig"; sourceTree = "<group>"; };
		E031C6C76BA2A9938E90B0D4 /* Pods-gathering.release.xcconfig */ = {isa = PBXFileReference; includeInIndex = 1; lastKnownFileType = text.xcconfig; name = "Pods-gathering.release.xcconfig"; path = "Target Support Files/Pods-gathering/Pods-gathering.release.xcconfig"; sourceTree = "<group>"; };
/* End PBXFileReference section */

/* Begin PBXFrameworksBuildPhase section */
		4759518A296DF24300C40741 /* Frameworks */ = {
			isa = PBXFrameworksBuildPhase;
			buildActionMask = 2147483647;
			files = (
				3DA8C9AD61A6A13C30D248F5 /* Pods_gathering.framework in Frameworks */,
			);
			runOnlyForDeploymentPostprocessing = 0;
		};
/* End PBXFrameworksBuildPhase section */

/* Begin PBXGroup section */
		03EDF72ABF8913E785317BC3 /* Pods */ = {
			isa = PBXGroup;
			children = (
				526E63EF0AD758A2505653F2 /* Pods-gathering.debug.xcconfig */,
				E031C6C76BA2A9938E90B0D4 /* Pods-gathering.release.xcconfig */,
			);
			path = Pods;
			sourceTree = "<group>";
		};
		47595184296DF24300C40741 = {
			isa = PBXGroup;
			children = (
				4759518F296DF24300C40741 /* gathering */,
				4759518E296DF24300C40741 /* Products */,
				03EDF72ABF8913E785317BC3 /* Pods */,
				9B128DC2674B203B1DDFF1F3 /* Frameworks */,
			);
			sourceTree = "<group>";
		};
		4759518E296DF24300C40741 /* Products */ = {
			isa = PBXGroup;
			children = (
				4759518D296DF24300C40741 /* gathering.app */,
			);
			name = Products;
			sourceTree = "<group>";
		};
		4759518F296DF24300C40741 /* gathering */ = {
			isa = PBXGroup;
			children = (
				47FD6EFC296F5619001AF255 /* Managers */,
				47FD6EE7296F2F1C001AF255 /* Models */,
				47FD6EE9296F2F43001AF255 /* Views */,
				47FD6EE8296F2F39001AF255 /* ViewModels */,
				477FC1A1297085DE00D7C45A /* SectionControllers */,
				47FD6EE0296F2BFA001AF255 /* Controllers */,
				47FD6EEA296F2F59001AF255 /* Resources */,
				4759519E296DF24400C40741 /* Info.plist */,
			);
			path = gathering;
			sourceTree = "<group>";
		};
		477FC1A1297085DE00D7C45A /* SectionControllers */ = {
			isa = PBXGroup;
			children = (
				477FC1A2297085F200D7C45A /* SectionController.swift */,
			);
			path = SectionControllers;
			sourceTree = "<group>";
		};
		47F0CCFC2975BA44003B22EB /* CollectionViewCell */ = {
			isa = PBXGroup;
			children = (
				47FD6F01296F623A001AF255 /* BasicEventCollectionViewCell.swift */,
				47FD6EF8296F4F04001AF255 /* EventSmallCollectionViewCell.swift */,
				47FD6EFF296F60B9001AF255 /* EventLargeCollectionViewCell.swift */,
				47F0CCFE2975BA60003B22EB /* PhotoCollectionViewCell.swift */,
			);
			path = CollectionViewCell;
			sourceTree = "<group>";
		};
		47F0CCFD2975BA4F003B22EB /* TableViewCell */ = {
			isa = PBXGroup;
			children = (
				47BC0575297491F700242E45 /* TextFieldTableViewCell.swift */,
				47BC0577297491FF00242E45 /* TextViewTableViewCell.swift */,
				47F0CCFA2975B2A1003B22EB /* PhotoGridTableViewCell.swift */,
				471D217B2976AA4000C8E8C6 /* DatePickerTableViewCell.swift */,
			);
			path = TableViewCell;
			sourceTree = "<group>";
		};
		47FD6EDD296F2B05001AF255 /* Core */ = {
			isa = PBXGroup;
			children = (
				47FD6EE1296F2C23001AF255 /* TabBarViewController.swift */,
				47FD6EEE296F2FEA001AF255 /* NewEventViewController.swift */,
				47FD6EEC296F2FD0001AF255 /* TicketViewController.swift */,
				47FD6EDE296F2B12001AF255 /* HomeViewController.swift */,
				47FD6EE5296F2EC7001AF255 /* ProfileViewController.swift */,
				47FD6EE3296F2C5C001AF255 /* ExploreViewController.swift */,
			);
			path = Core;
			sourceTree = "<group>";
		};
		47FD6EE0296F2BFA001AF255 /* Controllers */ = {
			isa = PBXGroup;
			children = (
				47FD6EDD296F2B05001AF255 /* Core */,
				47FD6EEB296F2F7E001AF255 /* Others */,
			);
			path = Controllers;
			sourceTree = "<group>";
		};
		47FD6EE7296F2F1C001AF255 /* Models */ = {
			isa = PBXGroup;
			children = (
				47FD6EF0296F2FF6001AF255 /* User.swift */,
				47FD6EF4296F36F8001AF255 /* Event.swift */,
			);
			path = Models;
			sourceTree = "<group>";
		};
		47FD6EE8296F2F39001AF255 /* ViewModels */ = {
			isa = PBXGroup;
			children = (
				47FD6EFA296F4F4E001AF255 /* EventCollectionViewCellViewModel.swift */,
				477FC1AA2970C51F00D7C45A /* InfoCardViewModel.swift */,
				478B0C332971C4C2000CECAB /* EventExtraInfoCardViewModel.swift */,
				47DC14BD297869C30006D4F4 /* EventMainViewModel.swift */,
			);
			path = ViewModels;
			sourceTree = "<group>";
		};
		47FD6EE9296F2F43001AF255 /* Views */ = {
			isa = PBXGroup;
			children = (
				477FC1A62970C21B00D7C45A /* EventInfoCard.swift */,
				478B0C312971C36F000CECAB /* EventExtraInfoCard.swift */,
				47FD6EF6296F4EA5001AF255 /* Cells */,
				47FD6EF7296F4EC0001AF255 /* Storyboards */,
				4762966D29742416001BF5B7 /* LoginView.swift */,
				477FE39B297255830074B7AA /* GATextField.swift */,
				47F0CD002975DDAB003B22EB /* GAButton.swift */,
			);
			path = Views;
			sourceTree = "<group>";
		};
		47FD6EEA296F2F59001AF255 /* Resources */ = {
			isa = PBXGroup;
			children = (
				47BE57892972157100EDA791 /* GoogleService-Info.plist */,
				47FD6EF2296F34F5001AF255 /* Extension.swift */,
				47595190296DF24300C40741 /* AppDelegate.swift */,
				47595192296DF24300C40741 /* SceneDelegate.swift */,
				47595199296DF24400C40741 /* Assets.xcassets */,
			);
			path = Resources;
			sourceTree = "<group>";
		};
		47FD6EEB296F2F7E001AF255 /* Others */ = {
			isa = PBXGroup;
			children = (
				47595194296DF24300C40741 /* WelcomeViewController.swift */,
				47FD6F03296F7951001AF255 /* EventMainViewController.swift */,
				477FC1982970786400D7C45A /* ChatViewController.swift */,
				4762966F297424FE001BF5B7 /* RegisterViewController.swift */,
			);
			path = Others;
			sourceTree = "<group>";
		};
		47FD6EF6296F4EA5001AF255 /* Cells */ = {
			isa = PBXGroup;
			children = (
				47F0CCFC2975BA44003B22EB /* CollectionViewCell */,
				47F0CCFD2975BA4F003B22EB /* TableViewCell */,
			);
			path = Cells;
			sourceTree = "<group>";
		};
		47FD6EF7296F4EC0001AF255 /* Storyboards */ = {
			isa = PBXGroup;
			children = (
				47595196296DF24300C40741 /* Main.storyboard */,
				4759519B296DF24400C40741 /* LaunchScreen.storyboard */,
			);
			path = Storyboards;
			sourceTree = "<group>";
		};
		47FD6EFC296F5619001AF255 /* Managers */ = {
			isa = PBXGroup;
			children = (
				47FD6EFD296F5637001AF255 /* MockData.swift */,
				477FC1A4297099FD00D7C45A /* TransitionManager.swift */,
				47BE57832972134B00EDA791 /* DatabaseManager.swift */,
				47BE57852972135100EDA791 /* StorageManager.swift */,
				47BE57872972135500EDA791 /* AuthManager.swift */,
				47F0CD0229760AC4003B22EB /* IdManager.swift */,
			);
			path = Managers;
			sourceTree = "<group>";
		};
		9B128DC2674B203B1DDFF1F3 /* Frameworks */ = {
			isa = PBXGroup;
			children = (
				26968C77C627589810F5CA45 /* Pods_gathering.framework */,
			);
			name = Frameworks;
			sourceTree = "<group>";
		};
/* End PBXGroup section */

/* Begin PBXNativeTarget section */
		4759518C296DF24300C40741 /* gathering */ = {
			isa = PBXNativeTarget;
			buildConfigurationList = 475951A1296DF24400C40741 /* Build configuration list for PBXNativeTarget "gathering" */;
			buildPhases = (
				5FDA469FE42312985E7E0726 /* [CP] Check Pods Manifest.lock */,
				47595189296DF24300C40741 /* Sources */,
				4759518A296DF24300C40741 /* Frameworks */,
				4759518B296DF24300C40741 /* Resources */,
				3B8F6D419A5D1746B8417D47 /* [CP] Embed Pods Frameworks */,
			);
			buildRules = (
			);
			dependencies = (
			);
			name = gathering;
			packageProductDependencies = (
			);
			productName = gathering;
			productReference = 4759518D296DF24300C40741 /* gathering.app */;
			productType = "com.apple.product-type.application";
		};
/* End PBXNativeTarget section */

/* Begin PBXProject section */
		47595185296DF24300C40741 /* Project object */ = {
			isa = PBXProject;
			attributes = {
				BuildIndependentTargetsInParallel = 1;
				LastSwiftUpdateCheck = 1420;
				LastUpgradeCheck = 1420;
				TargetAttributes = {
					4759518C296DF24300C40741 = {
						CreatedOnToolsVersion = 14.2;
					};
				};
			};
			buildConfigurationList = 47595188296DF24300C40741 /* Build configuration list for PBXProject "gathering" */;
			compatibilityVersion = "Xcode 14.0";
			developmentRegion = en;
			hasScannedForEncodings = 0;
			knownRegions = (
				en,
				Base,
			);
			mainGroup = 47595184296DF24300C40741;
			packageReferences = (
			);
			productRefGroup = 4759518E296DF24300C40741 /* Products */;
			projectDirPath = "";
			projectRoot = "";
			targets = (
				4759518C296DF24300C40741 /* gathering */,
			);
		};
/* End PBXProject section */

/* Begin PBXResourcesBuildPhase section */
		4759518B296DF24300C40741 /* Resources */ = {
			isa = PBXResourcesBuildPhase;
			buildActionMask = 2147483647;
			files = (
				4759519D296DF24400C40741 /* LaunchScreen.storyboard in Resources */,
				47BE578A2972157100EDA791 /* GoogleService-Info.plist in Resources */,
				4759519A296DF24400C40741 /* Assets.xcassets in Resources */,
				47595198296DF24300C40741 /* Main.storyboard in Resources */,
			);
			runOnlyForDeploymentPostprocessing = 0;
		};
/* End PBXResourcesBuildPhase section */

/* Begin PBXShellScriptBuildPhase section */
		3B8F6D419A5D1746B8417D47 /* [CP] Embed Pods Frameworks */ = {
			isa = PBXShellScriptBuildPhase;
			buildActionMask = 2147483647;
			files = (
			);
			inputFileListPaths = (
				"${PODS_ROOT}/Target Support Files/Pods-gathering/Pods-gathering-frameworks-${CONFIGURATION}-input-files.xcfilelist",
			);
			name = "[CP] Embed Pods Frameworks";
			outputFileListPaths = (
				"${PODS_ROOT}/Target Support Files/Pods-gathering/Pods-gathering-frameworks-${CONFIGURATION}-output-files.xcfilelist",
			);
			runOnlyForDeploymentPostprocessing = 0;
			shellPath = /bin/sh;
			shellScript = "\"${PODS_ROOT}/Target Support Files/Pods-gathering/Pods-gathering-frameworks.sh\"\n";
			showEnvVarsInLog = 0;
		};
		5FDA469FE42312985E7E0726 /* [CP] Check Pods Manifest.lock */ = {
			isa = PBXShellScriptBuildPhase;
			buildActionMask = 2147483647;
			files = (
			);
			inputFileListPaths = (
			);
			inputPaths = (
				"${PODS_PODFILE_DIR_PATH}/Podfile.lock",
				"${PODS_ROOT}/Manifest.lock",
			);
			name = "[CP] Check Pods Manifest.lock";
			outputFileListPaths = (
			);
			outputPaths = (
				"$(DERIVED_FILE_DIR)/Pods-gathering-checkManifestLockResult.txt",
			);
			runOnlyForDeploymentPostprocessing = 0;
			shellPath = /bin/sh;
			shellScript = "diff \"${PODS_PODFILE_DIR_PATH}/Podfile.lock\" \"${PODS_ROOT}/Manifest.lock\" > /dev/null\nif [ $? != 0 ] ; then\n    # print error to STDERR\n    echo \"error: The sandbox is not in sync with the Podfile.lock. Run 'pod install' or update your CocoaPods installation.\" >&2\n    exit 1\nfi\n# This output is used by Xcode 'outputs' to avoid re-running this script phase.\necho \"SUCCESS\" > \"${SCRIPT_OUTPUT_FILE_0}\"\n";
			showEnvVarsInLog = 0;
		};
/* End PBXShellScriptBuildPhase section */

/* Begin PBXSourcesBuildPhase section */
		47595189296DF24300C40741 /* Sources */ = {
			isa = PBXSourcesBuildPhase;
			buildActionMask = 2147483647;
			files = (
				47FD6EED296F2FD0001AF255 /* TicketViewController.swift in Sources */,
				47BE57882972135500EDA791 /* AuthManager.swift in Sources */,
				47595195296DF24300C40741 /* WelcomeViewController.swift in Sources */,
				47BE57842972134B00EDA791 /* DatabaseManager.swift in Sources */,
				47BC0576297491F700242E45 /* TextFieldTableViewCell.swift in Sources */,
				47595191296DF24300C40741 /* AppDelegate.swift in Sources */,
				47FD6EE4296F2C5C001AF255 /* ExploreViewController.swift in Sources */,
				477FC1A72970C21B00D7C45A /* EventInfoCard.swift in Sources */,
				47FD6EFE296F5637001AF255 /* MockData.swift in Sources */,
				47DC14BE297869C30006D4F4 /* EventMainViewModel.swift in Sources */,
				477FC1992970786400D7C45A /* ChatViewController.swift in Sources */,
				47FD6F00296F60B9001AF255 /* EventLargeCollectionViewCell.swift in Sources */,
				47F0CCFF2975BA60003B22EB /* PhotoCollectionViewCell.swift in Sources */,
				47FD6EF5296F36F8001AF255 /* Event.swift in Sources */,
				47FD6F02296F623A001AF255 /* BasicEventCollectionViewCell.swift in Sources */,
				477FC1A5297099FD00D7C45A /* TransitionManager.swift in Sources */,
				477FC1AB2970C51F00D7C45A /* InfoCardViewModel.swift in Sources */,
				477FE39C297255830074B7AA /* GATextField.swift in Sources */,
				47FD6EF3296F34F5001AF255 /* Extension.swift in Sources */,
				47FD6EFB296F4F4E001AF255 /* EventCollectionViewCellViewModel.swift in Sources */,
				47FD6EEF296F2FEA001AF255 /* NewEventViewController.swift in Sources */,
				47595193296DF24300C40741 /* SceneDelegate.swift in Sources */,
				47FD6EE6296F2EC7001AF255 /* ProfileViewController.swift in Sources */,
				478B0C342971C4C2000CECAB /* EventExtraInfoCardViewModel.swift in Sources */,
				4762966E29742416001BF5B7 /* LoginView.swift in Sources */,
				47FD6EE2296F2C23001AF255 /* TabBarViewController.swift in Sources */,
				471D217C2976AA4000C8E8C6 /* DatePickerTableViewCell.swift in Sources */,
				477FC1A3297085F200D7C45A /* SectionController.swift in Sources */,
				47BE57862972135100EDA791 /* StorageManager.swift in Sources */,
				47F0CD0329760AC4003B22EB /* IdManager.swift in Sources */,
				47FD6F04296F7951001AF255 /* EventMainViewController.swift in Sources */,
				47629670297424FE001BF5B7 /* RegisterViewController.swift in Sources */,
				47F0CD012975DDAB003B22EB /* GAButton.swift in Sources */,
				47FD6EF1296F2FF6001AF255 /* User.swift in Sources */,
				47FD6EDF296F2B12001AF255 /* HomeViewController.swift in Sources */,
				47FD6EF9296F4F04001AF255 /* EventSmallCollectionViewCell.swift in Sources */,
				47BC0578297491FF00242E45 /* TextViewTableViewCell.swift in Sources */,
				47F0CCFB2975B2A1003B22EB /* PhotoGridTableViewCell.swift in Sources */,
				478B0C322971C36F000CECAB /* EventExtraInfoCard.swift in Sources */,
			);
			runOnlyForDeploymentPostprocessing = 0;
		};
/* End PBXSourcesBuildPhase section */

/* Begin PBXVariantGroup section */
		47595196296DF24300C40741 /* Main.storyboard */ = {
			isa = PBXVariantGroup;
			children = (
				47595197296DF24300C40741 /* Base */,
			);
			name = Main.storyboard;
			sourceTree = "<group>";
		};
		4759519B296DF24400C40741 /* LaunchScreen.storyboard */ = {
			isa = PBXVariantGroup;
			children = (
				4759519C296DF24400C40741 /* Base */,
			);
			name = LaunchScreen.storyboard;
			sourceTree = "<group>";
		};
/* End PBXVariantGroup section */

/* Begin XCBuildConfiguration section */
		4759519F296DF24400C40741 /* Debug */ = {
			isa = XCBuildConfiguration;
			buildSettings = {
				ALWAYS_SEARCH_USER_PATHS = NO;
				CLANG_ANALYZER_NONNULL = YES;
				CLANG_ANALYZER_NUMBER_OBJECT_CONVERSION = YES_AGGRESSIVE;
				CLANG_CXX_LANGUAGE_STANDARD = "gnu++20";
				CLANG_ENABLE_MODULES = YES;
				CLANG_ENABLE_OBJC_ARC = YES;
				CLANG_ENABLE_OBJC_WEAK = YES;
				CLANG_WARN_BLOCK_CAPTURE_AUTORELEASING = YES;
				CLANG_WARN_BOOL_CONVERSION = YES;
				CLANG_WARN_COMMA = YES;
				CLANG_WARN_CONSTANT_CONVERSION = YES;
				CLANG_WARN_DEPRECATED_OBJC_IMPLEMENTATIONS = YES;
				CLANG_WARN_DIRECT_OBJC_ISA_USAGE = YES_ERROR;
				CLANG_WARN_DOCUMENTATION_COMMENTS = YES;
				CLANG_WARN_EMPTY_BODY = YES;
				CLANG_WARN_ENUM_CONVERSION = YES;
				CLANG_WARN_INFINITE_RECURSION = YES;
				CLANG_WARN_INT_CONVERSION = YES;
				CLANG_WARN_NON_LITERAL_NULL_CONVERSION = YES;
				CLANG_WARN_OBJC_IMPLICIT_RETAIN_SELF = YES;
				CLANG_WARN_OBJC_LITERAL_CONVERSION = YES;
				CLANG_WARN_OBJC_ROOT_CLASS = YES_ERROR;
				CLANG_WARN_QUOTED_INCLUDE_IN_FRAMEWORK_HEADER = YES;
				CLANG_WARN_RANGE_LOOP_ANALYSIS = YES;
				CLANG_WARN_STRICT_PROTOTYPES = YES;
				CLANG_WARN_SUSPICIOUS_MOVE = YES;
				CLANG_WARN_UNGUARDED_AVAILABILITY = YES_AGGRESSIVE;
				CLANG_WARN_UNREACHABLE_CODE = YES;
				CLANG_WARN__DUPLICATE_METHOD_MATCH = YES;
				COPY_PHASE_STRIP = NO;
				DEBUG_INFORMATION_FORMAT = dwarf;
				ENABLE_STRICT_OBJC_MSGSEND = YES;
				ENABLE_TESTABILITY = YES;
				GCC_C_LANGUAGE_STANDARD = gnu11;
				GCC_DYNAMIC_NO_PIC = NO;
				GCC_NO_COMMON_BLOCKS = YES;
				GCC_OPTIMIZATION_LEVEL = 0;
				GCC_PREPROCESSOR_DEFINITIONS = (
					"DEBUG=1",
					"$(inherited)",
				);
				GCC_WARN_64_TO_32_BIT_CONVERSION = YES;
				GCC_WARN_ABOUT_RETURN_TYPE = YES_ERROR;
				GCC_WARN_UNDECLARED_SELECTOR = YES;
				GCC_WARN_UNINITIALIZED_AUTOS = YES_AGGRESSIVE;
				GCC_WARN_UNUSED_FUNCTION = YES;
				GCC_WARN_UNUSED_VARIABLE = YES;
				IPHONEOS_DEPLOYMENT_TARGET = 13.0;
				MTL_ENABLE_DEBUG_INFO = INCLUDE_SOURCE;
				MTL_FAST_MATH = YES;
				ONLY_ACTIVE_ARCH = YES;
				SDKROOT = iphoneos;
				SWIFT_ACTIVE_COMPILATION_CONDITIONS = DEBUG;
				SWIFT_OPTIMIZATION_LEVEL = "-Onone";
			};
			name = Debug;
		};
		475951A0296DF24400C40741 /* Release */ = {
			isa = XCBuildConfiguration;
			buildSettings = {
				ALWAYS_SEARCH_USER_PATHS = NO;
				CLANG_ANALYZER_NONNULL = YES;
				CLANG_ANALYZER_NUMBER_OBJECT_CONVERSION = YES_AGGRESSIVE;
				CLANG_CXX_LANGUAGE_STANDARD = "gnu++20";
				CLANG_ENABLE_MODULES = YES;
				CLANG_ENABLE_OBJC_ARC = YES;
				CLANG_ENABLE_OBJC_WEAK = YES;
				CLANG_WARN_BLOCK_CAPTURE_AUTORELEASING = YES;
				CLANG_WARN_BOOL_CONVERSION = YES;
				CLANG_WARN_COMMA = YES;
				CLANG_WARN_CONSTANT_CONVERSION = YES;
				CLANG_WARN_DEPRECATED_OBJC_IMPLEMENTATIONS = YES;
				CLANG_WARN_DIRECT_OBJC_ISA_USAGE = YES_ERROR;
				CLANG_WARN_DOCUMENTATION_COMMENTS = YES;
				CLANG_WARN_EMPTY_BODY = YES;
				CLANG_WARN_ENUM_CONVERSION = YES;
				CLANG_WARN_INFINITE_RECURSION = YES;
				CLANG_WARN_INT_CONVERSION = YES;
				CLANG_WARN_NON_LITERAL_NULL_CONVERSION = YES;
				CLANG_WARN_OBJC_IMPLICIT_RETAIN_SELF = YES;
				CLANG_WARN_OBJC_LITERAL_CONVERSION = YES;
				CLANG_WARN_OBJC_ROOT_CLASS = YES_ERROR;
				CLANG_WARN_QUOTED_INCLUDE_IN_FRAMEWORK_HEADER = YES;
				CLANG_WARN_RANGE_LOOP_ANALYSIS = YES;
				CLANG_WARN_STRICT_PROTOTYPES = YES;
				CLANG_WARN_SUSPICIOUS_MOVE = YES;
				CLANG_WARN_UNGUARDED_AVAILABILITY = YES_AGGRESSIVE;
				CLANG_WARN_UNREACHABLE_CODE = YES;
				CLANG_WARN__DUPLICATE_METHOD_MATCH = YES;
				COPY_PHASE_STRIP = NO;
				DEBUG_INFORMATION_FORMAT = "dwarf-with-dsym";
				ENABLE_NS_ASSERTIONS = NO;
				ENABLE_STRICT_OBJC_MSGSEND = YES;
				GCC_C_LANGUAGE_STANDARD = gnu11;
				GCC_NO_COMMON_BLOCKS = YES;
				GCC_WARN_64_TO_32_BIT_CONVERSION = YES;
				GCC_WARN_ABOUT_RETURN_TYPE = YES_ERROR;
				GCC_WARN_UNDECLARED_SELECTOR = YES;
				GCC_WARN_UNINITIALIZED_AUTOS = YES_AGGRESSIVE;
				GCC_WARN_UNUSED_FUNCTION = YES;
				GCC_WARN_UNUSED_VARIABLE = YES;
				IPHONEOS_DEPLOYMENT_TARGET = 13.0;
				MTL_ENABLE_DEBUG_INFO = NO;
				MTL_FAST_MATH = YES;
				SDKROOT = iphoneos;
				SWIFT_COMPILATION_MODE = wholemodule;
				SWIFT_OPTIMIZATION_LEVEL = "-O";
				VALIDATE_PRODUCT = YES;
			};
			name = Release;
		};
		475951A2296DF24400C40741 /* Debug */ = {
			isa = XCBuildConfiguration;
			baseConfigurationReference = 526E63EF0AD758A2505653F2 /* Pods-gathering.debug.xcconfig */;
			buildSettings = {
				ASSETCATALOG_COMPILER_APPICON_NAME = AppIcon;
				ASSETCATALOG_COMPILER_GLOBAL_ACCENT_COLOR_NAME = AccentColor;
				CODE_SIGN_STYLE = Automatic;
				CURRENT_PROJECT_VERSION = 1;
				DEVELOPMENT_TEAM = K68DSN9255;
				GENERATE_INFOPLIST_FILE = YES;
				INFOPLIST_FILE = gathering/Info.plist;
				INFOPLIST_KEY_UIApplicationSupportsIndirectInputEvents = YES;
				INFOPLIST_KEY_UILaunchStoryboardName = LaunchScreen;
				INFOPLIST_KEY_UIMainStoryboardFile = Main;
				INFOPLIST_KEY_UISupportedInterfaceOrientations_iPad = "UIInterfaceOrientationPortrait UIInterfaceOrientationPortraitUpsideDown UIInterfaceOrientationLandscapeLeft UIInterfaceOrientationLandscapeRight";
				INFOPLIST_KEY_UISupportedInterfaceOrientations_iPhone = "UIInterfaceOrientationPortrait UIInterfaceOrientationLandscapeLeft UIInterfaceOrientationLandscapeRight";
				IPHONEOS_DEPLOYMENT_TARGET = 13.0;
				LD_RUNPATH_SEARCH_PATHS = (
					"$(inherited)",
					"@executable_path/Frameworks",
				);
				MARKETING_VERSION = 1.0;
				PRODUCT_BUNDLE_IDENTIFIER = com.jason.gathering;
				PRODUCT_NAME = "$(TARGET_NAME)";
				SWIFT_EMIT_LOC_STRINGS = YES;
				SWIFT_VERSION = 5.0;
				TARGETED_DEVICE_FAMILY = "1,2";
			};
			name = Debug;
		};
		475951A3296DF24400C40741 /* Release */ = {
			isa = XCBuildConfiguration;
			baseConfigurationReference = E031C6C76BA2A9938E90B0D4 /* Pods-gathering.release.xcconfig */;
			buildSettings = {
				ASSETCATALOG_COMPILER_APPICON_NAME = AppIcon;
				ASSETCATALOG_COMPILER_GLOBAL_ACCENT_COLOR_NAME = AccentColor;
				CODE_SIGN_STYLE = Automatic;
				CURRENT_PROJECT_VERSION = 1;
				DEVELOPMENT_TEAM = K68DSN9255;
				GENERATE_INFOPLIST_FILE = YES;
				INFOPLIST_FILE = gathering/Info.plist;
				INFOPLIST_KEY_UIApplicationSupportsIndirectInputEvents = YES;
				INFOPLIST_KEY_UILaunchStoryboardName = LaunchScreen;
				INFOPLIST_KEY_UIMainStoryboardFile = Main;
				INFOPLIST_KEY_UISupportedInterfaceOrientations_iPad = "UIInterfaceOrientationPortrait UIInterfaceOrientationPortraitUpsideDown UIInterfaceOrientationLandscapeLeft UIInterfaceOrientationLandscapeRight";
				INFOPLIST_KEY_UISupportedInterfaceOrientations_iPhone = "UIInterfaceOrientationPortrait UIInterfaceOrientationLandscapeLeft UIInterfaceOrientationLandscapeRight";
				IPHONEOS_DEPLOYMENT_TARGET = 13.0;
				LD_RUNPATH_SEARCH_PATHS = (
					"$(inherited)",
					"@executable_path/Frameworks",
				);
				MARKETING_VERSION = 1.0;
				PRODUCT_BUNDLE_IDENTIFIER = com.jason.gathering;
				PRODUCT_NAME = "$(TARGET_NAME)";
				SWIFT_EMIT_LOC_STRINGS = YES;
				SWIFT_VERSION = 5.0;
				TARGETED_DEVICE_FAMILY = "1,2";
			};
			name = Release;
		};
/* End XCBuildConfiguration section */

/* Begin XCConfigurationList section */
		47595188296DF24300C40741 /* Build configuration list for PBXProject "gathering" */ = {
			isa = XCConfigurationList;
			buildConfigurations = (
				4759519F296DF24400C40741 /* Debug */,
				475951A0296DF24400C40741 /* Release */,
			);
			defaultConfigurationIsVisible = 0;
			defaultConfigurationName = Release;
		};
		475951A1296DF24400C40741 /* Build configuration list for PBXNativeTarget "gathering" */ = {
			isa = XCConfigurationList;
			buildConfigurations = (
				475951A2296DF24400C40741 /* Debug */,
				475951A3296DF24400C40741 /* Release */,
			);
			defaultConfigurationIsVisible = 0;
			defaultConfigurationName = Release;
		};
/* End XCConfigurationList section */
	};
	rootObject = 47595185296DF24300C40741 /* Project object */;
}
